// !$*UTF8*$!
{
	archiveVersion = 1;
	classes = {
	};
	objectVersion = 46;
	objects = {

/* Begin PBXBuildFile section */
		1D3623260D0F684500981E51 /* iOSPlayAppDelegate.m in Sources */ = {isa = PBXBuildFile; fileRef = 1D3623250D0F684500981E51 /* iOSPlayAppDelegate.m */; };
		1D60589B0D05DD56006BFB54 /* main.m in Sources */ = {isa = PBXBuildFile; fileRef = 29B97316FDCFA39411CA2CEA /* main.m */; };
		28216C970DB411BC00E5133A /* FirstViewController.m in Sources */ = {isa = PBXBuildFile; fileRef = 28216C960DB411BC00E5133A /* FirstViewController.m */; };
		AA2B83BD125EC6DF009E4319 /* FirstView~ipad.xib in Resources */ = {isa = PBXBuildFile; fileRef = AA2B83B8125EC6DF009E4319 /* FirstView~ipad.xib */; };
		AA2B83BE125EC6DF009E4319 /* MainWindow-iPad.xib in Resources */ = {isa = PBXBuildFile; fileRef = AA2B83B9125EC6DF009E4319 /* MainWindow-iPad.xib */; };
		AA2B83BF125EC6DF009E4319 /* PlayFileDetail~ipad.xib in Resources */ = {isa = PBXBuildFile; fileRef = AA2B83BA125EC6DF009E4319 /* PlayFileDetail~ipad.xib */; };
		AA2B83C0125EC6DF009E4319 /* PlayTableView~ipad.xib in Resources */ = {isa = PBXBuildFile; fileRef = AA2B83BB125EC6DF009E4319 /* PlayTableView~ipad.xib */; };
		AA2B83C1125EC6DF009E4319 /* SecondView~ipad.xib in Resources */ = {isa = PBXBuildFile; fileRef = AA2B83BC125EC6DF009E4319 /* SecondView~ipad.xib */; };
		AA36F4C312410D370019B588 /* PlayTableView.m in Sources */ = {isa = PBXBuildFile; fileRef = AA36F4C112410D370019B588 /* PlayTableView.m */; };
		AA36F4EF12410EEF0019B588 /* PlayFileDetail.m in Sources */ = {isa = PBXBuildFile; fileRef = AA36F4ED12410EEF0019B588 /* PlayFileDetail.m */; };
		AA45ECA312593CFA007A7D0A /* BAEPatches.c in Sources */ = {isa = PBXBuildFile; fileRef = AA45EC5812593CFA007A7D0A /* BAEPatches.c */; };
		AA45ECB612593CFA007A7D0A /* DriverTools.c in Sources */ = {isa = PBXBuildFile; fileRef = AA45EC7412593CFA007A7D0A /* DriverTools.c */; };
		AA45ECB712593CFA007A7D0A /* g711.c in Sources */ = {isa = PBXBuildFile; fileRef = AA45EC7512593CFA007A7D0A /* g711.c */; };
		AA45ECB812593CFA007A7D0A /* g721.c in Sources */ = {isa = PBXBuildFile; fileRef = AA45EC7612593CFA007A7D0A /* g721.c */; };
		AA45ECB912593CFA007A7D0A /* g723_24.c in Sources */ = {isa = PBXBuildFile; fileRef = AA45EC7712593CFA007A7D0A /* g723_24.c */; };
		AA45ECBA12593CFA007A7D0A /* g723_40.c in Sources */ = {isa = PBXBuildFile; fileRef = AA45EC7812593CFA007A7D0A /* g723_40.c */; };
		AA45ECBB12593CFA007A7D0A /* g72x.c in Sources */ = {isa = PBXBuildFile; fileRef = AA45EC7912593CFA007A7D0A /* g72x.c */; };
		AA45ECBC12593CFA007A7D0A /* GenAudioStreams.c in Sources */ = {isa = PBXBuildFile; fileRef = AA45EC7B12593CFA007A7D0A /* GenAudioStreams.c */; };
		AA45ECBD12593CFA007A7D0A /* GenCache.c in Sources */ = {isa = PBXBuildFile; fileRef = AA45EC7C12593CFA007A7D0A /* GenCache.c */; };
		AA45ECBE12593CFA007A7D0A /* GenChorus.c in Sources */ = {isa = PBXBuildFile; fileRef = AA45EC7E12593CFA007A7D0A /* GenChorus.c */; };
		AA45ECBF12593CFA007A7D0A /* GenFiltersReverbU3232.c in Sources */ = {isa = PBXBuildFile; fileRef = AA45EC7F12593CFA007A7D0A /* GenFiltersReverbU3232.c */; };
		AA45ECC012593CFA007A7D0A /* GenInterp2ReverbU3232.c in Sources */ = {isa = PBXBuildFile; fileRef = AA45EC8012593CFA007A7D0A /* GenInterp2ReverbU3232.c */; };
		AA45ECC112593CFA007A7D0A /* GenOutput.c in Sources */ = {isa = PBXBuildFile; fileRef = AA45EC8112593CFA007A7D0A /* GenOutput.c */; };
		AA45ECC212593CFA007A7D0A /* GenPatch.c in Sources */ = {isa = PBXBuildFile; fileRef = AA45EC8212593CFA007A7D0A /* GenPatch.c */; };
		AA45ECC312593CFA007A7D0A /* GenReverb.c in Sources */ = {isa = PBXBuildFile; fileRef = AA45EC8412593CFA007A7D0A /* GenReverb.c */; };
		AA45ECC412593CFA007A7D0A /* GenReverbNew.c in Sources */ = {isa = PBXBuildFile; fileRef = AA45EC8512593CFA007A7D0A /* GenReverbNew.c */; };
		AA45ECC512593CFA007A7D0A /* GenSample.c in Sources */ = {isa = PBXBuildFile; fileRef = AA45EC8612593CFA007A7D0A /* GenSample.c */; };
		AA45ECC612593CFA007A7D0A /* GenSeq.c in Sources */ = {isa = PBXBuildFile; fileRef = AA45EC8712593CFA007A7D0A /* GenSeq.c */; };
		AA45ECC712593CFA007A7D0A /* GenSeqTools.c in Sources */ = {isa = PBXBuildFile; fileRef = AA45EC8812593CFA007A7D0A /* GenSeqTools.c */; };
		AA45ECC812593CFA007A7D0A /* GenSetup.c in Sources */ = {isa = PBXBuildFile; fileRef = AA45EC8A12593CFA007A7D0A /* GenSetup.c */; };
		AA45ECC912593CFA007A7D0A /* GenSong.c in Sources */ = {isa = PBXBuildFile; fileRef = AA45EC8C12593CFA007A7D0A /* GenSong.c */; };
		AA45ECCA12593CFA007A7D0A /* GenSoundFiles.c in Sources */ = {isa = PBXBuildFile; fileRef = AA45EC8D12593CFA007A7D0A /* GenSoundFiles.c */; };
		AA45ECCB12593CFA007A7D0A /* GenSynth.c in Sources */ = {isa = PBXBuildFile; fileRef = AA45EC8E12593CFA007A7D0A /* GenSynth.c */; };
		AA45ECCC12593CFA007A7D0A /* GenSynthFiltersSimple.c in Sources */ = {isa = PBXBuildFile; fileRef = AA45EC8F12593CFA007A7D0A /* GenSynthFiltersSimple.c */; };
		AA45ECCD12593CFA007A7D0A /* GenSynthFiltersU3232.c in Sources */ = {isa = PBXBuildFile; fileRef = AA45EC9012593CFA007A7D0A /* GenSynthFiltersU3232.c */; };
		AA45ECCE12593CFA007A7D0A /* GenSynthInterp2Simple.c in Sources */ = {isa = PBXBuildFile; fileRef = AA45EC9112593CFA007A7D0A /* GenSynthInterp2Simple.c */; };
		AA45ECCF12593CFA007A7D0A /* GenSynthInterp2U3232.c in Sources */ = {isa = PBXBuildFile; fileRef = AA45EC9212593CFA007A7D0A /* GenSynthInterp2U3232.c */; };
		AA45ECD012593CFA007A7D0A /* MiniBAE.c in Sources */ = {isa = PBXBuildFile; fileRef = AA45EC9312593CFA007A7D0A /* MiniBAE.c */; };
		AA45ECD112593CFA007A7D0A /* NewNewLZSS.c in Sources */ = {isa = PBXBuildFile; fileRef = AA45EC9512593CFA007A7D0A /* NewNewLZSS.c */; };
		AA45ECD212593CFA007A7D0A /* SampleTools.c in Sources */ = {isa = PBXBuildFile; fileRef = AA45EC9612593CFA007A7D0A /* SampleTools.c */; };
		AA45ECD312593CFA007A7D0A /* X_API.c in Sources */ = {isa = PBXBuildFile; fileRef = AA45EC9712593CFA007A7D0A /* X_API.c */; };
		AA45ECD412593CFA007A7D0A /* X_Decompress.c in Sources */ = {isa = PBXBuildFile; fileRef = AA45EC9A12593CFA007A7D0A /* X_Decompress.c */; };
		AA45ECD512593CFA007A7D0A /* X_IMA.c in Sources */ = {isa = PBXBuildFile; fileRef = AA45EC9C12593CFA007A7D0A /* X_IMA.c */; };
		AA45ED1412593D24007A7D0A /* africatest4.rmf in Resources */ = {isa = PBXBuildFile; fileRef = AA45ECD912593D24007A7D0A /* africatest4.rmf */; };
		AA45ED1512593D24007A7D0A /* Ajarna.rmf in Resources */ = {isa = PBXBuildFile; fileRef = AA45ECDA12593D24007A7D0A /* Ajarna.rmf */; };
		AA45ED1612593D24007A7D0A /* Ambient.rmf in Resources */ = {isa = PBXBuildFile; fileRef = AA45ECDB12593D24007A7D0A /* Ambient.rmf */; };
		AA45ED1712593D24007A7D0A /* aqua-sky-full.rmf in Resources */ = {isa = PBXBuildFile; fileRef = AA45ECDC12593D24007A7D0A /* aqua-sky-full.rmf */; };
		AA45ED1812593D24007A7D0A /* BostonRain.rmf in Resources */ = {isa = PBXBuildFile; fileRef = AA45ECDD12593D24007A7D0A /* BostonRain.rmf */; };
		AA45ED1912593D24007A7D0A /* bugbreaker-full.rmf in Resources */ = {isa = PBXBuildFile; fileRef = AA45ECDE12593D24007A7D0A /* bugbreaker-full.rmf */; };
		AA45ED1A12593D24007A7D0A /* celestial-w-samples.rmf in Resources */ = {isa = PBXBuildFile; fileRef = AA45ECDF12593D24007A7D0A /* celestial-w-samples.rmf */; };
		AA45ED1B12593D24007A7D0A /* Chaos Game2.rmf in Resources */ = {isa = PBXBuildFile; fileRef = AA45ECE012593D24007A7D0A /* Chaos Game2.rmf */; };
		AA45ED1C12593D24007A7D0A /* chillin-full.rmf in Resources */ = {isa = PBXBuildFile; fileRef = AA45ECE112593D24007A7D0A /* chillin-full.rmf */; };
		AA45ED1D12593D24007A7D0A /* Determinator.rmf in Resources */ = {isa = PBXBuildFile; fileRef = AA45ECE212593D24007A7D0A /* Determinator.rmf */; };
		AA45ED1E12593D24007A7D0A /* groove.rmf in Resources */ = {isa = PBXBuildFile; fileRef = AA45ECE312593D24007A7D0A /* groove.rmf */; };
		AA45ED1F12593D24007A7D0A /* irradiator-full.rmf in Resources */ = {isa = PBXBuildFile; fileRef = AA45ECE412593D24007A7D0A /* irradiator-full.rmf */; };
		AA45ED2012593D24007A7D0A /* loop.rmf in Resources */ = {isa = PBXBuildFile; fileRef = AA45ECE512593D24007A7D0A /* loop.rmf */; };
		AA45ED2112593D24007A7D0A /* loopnote_pan.rmf in Resources */ = {isa = PBXBuildFile; fileRef = AA45ECE612593D24007A7D0A /* loopnote_pan.rmf */; };
		AA45ED2212593D24007A7D0A /* loopnote_rez.rmf in Resources */ = {isa = PBXBuildFile; fileRef = AA45ECE712593D24007A7D0A /* loopnote_rez.rmf */; };
		AA45ED2312593D24007A7D0A /* mozart-symphony40.rmf in Resources */ = {isa = PBXBuildFile; fileRef = AA45ECE812593D24007A7D0A /* mozart-symphony40.rmf */; };
		AA45ED2412593D24007A7D0A /* panik.rmf in Resources */ = {isa = PBXBuildFile; fileRef = AA45ECE912593D24007A7D0A /* panik.rmf */; };
		AA45ED2512593D24007A7D0A /* Salt flats at dawn.rmf in Resources */ = {isa = PBXBuildFile; fileRef = AA45ECEA12593D24007A7D0A /* Salt flats at dawn.rmf */; };
		AA45ED2612593D24007A7D0A /* Sound Surfing.rmf in Resources */ = {isa = PBXBuildFile; fileRef = AA45ECEB12593D24007A7D0A /* Sound Surfing.rmf */; };
		AA45ED2712593D24007A7D0A /* synchotronic-full.rmf in Resources */ = {isa = PBXBuildFile; fileRef = AA45ECEC12593D24007A7D0A /* synchotronic-full.rmf */; };
		AA45ED2812593D24007A7D0A /* Timeport.rmf in Resources */ = {isa = PBXBuildFile; fileRef = AA45ECED12593D24007A7D0A /* Timeport.rmf */; };
		AA45ED2A12593D24007A7D0A /* tropicalist-full.rmf in Resources */ = {isa = PBXBuildFile; fileRef = AA45ECEF12593D24007A7D0A /* tropicalist-full.rmf */; };
		AA45ED2B12593D24007A7D0A /* tropicalist-w-samples.rmf in Resources */ = {isa = PBXBuildFile; fileRef = AA45ECF012593D24007A7D0A /* tropicalist-w-samples.rmf */; };
		AA45ED2C12593D24007A7D0A /* UncleJamesFunk.rmf in Resources */ = {isa = PBXBuildFile; fileRef = AA45ECF112593D24007A7D0A /* UncleJamesFunk.rmf */; };
		AA45ED2D12593D24007A7D0A /* Up 4 It.rmf in Resources */ = {isa = PBXBuildFile; fileRef = AA45ECF212593D24007A7D0A /* Up 4 It.rmf */; };
		AA45ED2E12593D24007A7D0A /* wantcha.rmf in Resources */ = {isa = PBXBuildFile; fileRef = AA45ECF312593D24007A7D0A /* wantcha.rmf */; };
		AA45ED3612593D24007A7D0A /* beatnik-analogue.rmf in Resources */ = {isa = PBXBuildFile; fileRef = AA45ECFB12593D24007A7D0A /* beatnik-analogue.rmf */; };
		AA45ED3712593D24007A7D0A /* chop-squad-full.rmf in Resources */ = {isa = PBXBuildFile; fileRef = AA45ECFC12593D24007A7D0A /* chop-squad-full.rmf */; };
		AA45ED3812593D24007A7D0A /* EndGame.rmf in Resources */ = {isa = PBXBuildFile; fileRef = AA45ECFD12593D24007A7D0A /* EndGame.rmf */; };
		AA45ED3912593D24007A7D0A /* Hide 'n Seek.rmf in Resources */ = {isa = PBXBuildFile; fileRef = AA45ECFE12593D24007A7D0A /* Hide 'n Seek.rmf */; };
		AA45ED3A12593D24007A7D0A /* House.rmf in Resources */ = {isa = PBXBuildFile; fileRef = AA45ECFF12593D24007A7D0A /* House.rmf */; };
		AA45ED3B12593D24007A7D0A /* Intro.rmf in Resources */ = {isa = PBXBuildFile; fileRef = AA45ED0012593D24007A7D0A /* Intro.rmf */; };
		AA45ED3C12593D24007A7D0A /* jetset-full.rmf in Resources */ = {isa = PBXBuildFile; fileRef = AA45ED0112593D24007A7D0A /* jetset-full.rmf */; };
		AA45ED3D12593D24007A7D0A /* loungy-sixties.rmf in Resources */ = {isa = PBXBuildFile; fileRef = AA45ED0212593D24007A7D0A /* loungy-sixties.rmf */; };
		AA45ED3E12593D24007A7D0A /* LT_RMF_alaw.rmf in Resources */ = {isa = PBXBuildFile; fileRef = AA45ED0312593D24007A7D0A /* LT_RMF_alaw.rmf */; };
		AA45ED3F12593D24007A7D0A /* LT_RMF_IMA.rmf in Resources */ = {isa = PBXBuildFile; fileRef = AA45ED0412593D24007A7D0A /* LT_RMF_IMA.rmf */; };
		AA45ED4012593D24007A7D0A /* LT_RMF_MPEG.rmf in Resources */ = {isa = PBXBuildFile; fileRef = AA45ED0512593D24007A7D0A /* LT_RMF_MPEG.rmf */; };
		AA45ED4112593D24007A7D0A /* LT_RMF_no-cust.rmf in Resources */ = {isa = PBXBuildFile; fileRef = AA45ED0612593D24007A7D0A /* LT_RMF_no-cust.rmf */; };
		AA45ED4212593D24007A7D0A /* LT_RMF_PCM.rmf in Resources */ = {isa = PBXBuildFile; fileRef = AA45ED0712593D24007A7D0A /* LT_RMF_PCM.rmf */; };
		AA45ED4312593D24007A7D0A /* LT_RMF_ulaw.rmf in Resources */ = {isa = PBXBuildFile; fileRef = AA45ED0812593D24007A7D0A /* LT_RMF_ulaw.rmf */; };
		AA45ED4412593D24007A7D0A /* polyzoot-full.rmf in Resources */ = {isa = PBXBuildFile; fileRef = AA45ED0912593D24007A7D0A /* polyzoot-full.rmf */; };
		AA45ED4512593D24007A7D0A /* renegado-full.rmf in Resources */ = {isa = PBXBuildFile; fileRef = AA45ED0A12593D24007A7D0A /* renegado-full.rmf */; };
		AA45ED4612593D24007A7D0A /* sfx-medley.rmf in Resources */ = {isa = PBXBuildFile; fileRef = AA45ED0B12593D24007A7D0A /* sfx-medley.rmf */; };
		AA45ED4712593D24007A7D0A /* the-future-is.rmf in Resources */ = {isa = PBXBuildFile; fileRef = AA45ED0C12593D24007A7D0A /* the-future-is.rmf */; };
		AA45ED4812593D24007A7D0A /* health_and_safety.rmf in Resources */ = {isa = PBXBuildFile; fileRef = AA45ED0D12593D24007A7D0A /* health_and_safety.rmf */; };
		AA45ED4912593D24007A7D0A /* intermission_time.rmf in Resources */ = {isa = PBXBuildFile; fileRef = AA45ED0E12593D24007A7D0A /* intermission_time.rmf */; };
		AA45ED4A12593D24007A7D0A /* little_boss.rmf in Resources */ = {isa = PBXBuildFile; fileRef = AA45ED0F12593D24007A7D0A /* little_boss.rmf */; };
		AA45ED4B12593D24007A7D0A /* pixie_kicks.rmf in Resources */ = {isa = PBXBuildFile; fileRef = AA45ED1012593D24007A7D0A /* pixie_kicks.rmf */; };
		AA45ED4C12593D24007A7D0A /* rum_punchy.rmf in Resources */ = {isa = PBXBuildFile; fileRef = AA45ED1112593D24007A7D0A /* rum_punchy.rmf */; };
		AA45ED4D12593D24007A7D0A /* the_big_onion.rmf in Resources */ = {isa = PBXBuildFile; fileRef = AA45ED1212593D24007A7D0A /* the_big_onion.rmf */; };
		AA45ED4E12593D24007A7D0A /* tricky_tracks.rmf in Resources */ = {isa = PBXBuildFile; fileRef = AA45ED1312593D24007A7D0A /* tricky_tracks.rmf */; };
		AA45ED5712593DB7007A7D0A /* Icon-72.png in Resources */ = {isa = PBXBuildFile; fileRef = AA45ED5112593DB7007A7D0A /* Icon-72.png */; };
		AA45ED5812593DB7007A7D0A /* Icon-Small-50.png in Resources */ = {isa = PBXBuildFile; fileRef = AA45ED5212593DB7007A7D0A /* Icon-Small-50.png */; };
		AA45ED5912593DB7007A7D0A /* Icon-Small.png in Resources */ = {isa = PBXBuildFile; fileRef = AA45ED5312593DB7007A7D0A /* Icon-Small.png */; };
		AA45ED5A12593DB7007A7D0A /* Icon-Small@2x.png in Resources */ = {isa = PBXBuildFile; fileRef = AA45ED5412593DB7007A7D0A /* Icon-Small@2x.png */; };
		AA45ED5B12593DB7007A7D0A /* Icon.png in Resources */ = {isa = PBXBuildFile; fileRef = AA45ED5512593DB7007A7D0A /* Icon.png */; };
		AA45ED5C12593DB7007A7D0A /* Icon@2x.png in Resources */ = {isa = PBXBuildFile; fileRef = AA45ED5612593DB7007A7D0A /* Icon@2x.png */; };
		AA45ED7012593DFA007A7D0A /* AVFoundation.framework in Frameworks */ = {isa = PBXBuildFile; fileRef = AA45ED6A12593DFA007A7D0A /* AVFoundation.framework */; };
		AA45ED7112593DFA007A7D0A /* CoreFoundation.framework in Frameworks */ = {isa = PBXBuildFile; fileRef = AA45ED6B12593DFA007A7D0A /* CoreFoundation.framework */; };
		AA45ED7212593DFA007A7D0A /* UIKit.framework in Frameworks */ = {isa = PBXBuildFile; fileRef = AA45ED6C12593DFA007A7D0A /* UIKit.framework */; };
		AA45ED7312593DFA007A7D0A /* CoreAudio.framework in Frameworks */ = {isa = PBXBuildFile; fileRef = AA45ED6D12593DFA007A7D0A /* CoreAudio.framework */; };
		AA45ED7412593DFA007A7D0A /* AudioToolbox.framework in Frameworks */ = {isa = PBXBuildFile; fileRef = AA45ED6E12593DFA007A7D0A /* AudioToolbox.framework */; };
		AA45ED7512593DFA007A7D0A /* Foundation.framework in Frameworks */ = {isa = PBXBuildFile; fileRef = AA45ED6F12593DFA007A7D0A /* Foundation.framework */; };
		AA6D301E12AADFF3005F48EB /* ProgramList.plist in Resources */ = {isa = PBXBuildFile; fileRef = AA6D301D12AADFF3005F48EB /* ProgramList.plist */; };
		AA6D302312AAE1BE005F48EB /* InteractiveView~ipad.xib in Resources */ = {isa = PBXBuildFile; fileRef = AA6D302212AAE1BE005F48EB /* InteractiveView~ipad.xib */; };
		AA6D302512AAE1CB005F48EB /* InteractiveView.xib in Resources */ = {isa = PBXBuildFile; fileRef = AA6D302412AAE1CB005F48EB /* InteractiveView.xib */; };
		AA802B80125EBB3700281366 /* FirstView.xib in Resources */ = {isa = PBXBuildFile; fileRef = AA802B7B125EBB3700281366 /* FirstView.xib */; };
		AA802B81125EBB3700281366 /* MainWindow.xib in Resources */ = {isa = PBXBuildFile; fileRef = AA802B7C125EBB3700281366 /* MainWindow.xib */; };
		AA802B82125EBB3700281366 /* PlayFileDetail.xib in Resources */ = {isa = PBXBuildFile; fileRef = AA802B7D125EBB3700281366 /* PlayFileDetail.xib */; };
		AA802B83125EBB3700281366 /* PlayTableView.xib in Resources */ = {isa = PBXBuildFile; fileRef = AA802B7E125EBB3700281366 /* PlayTableView.xib */; };
		AA802B84125EBB3700281366 /* SecondView.xib in Resources */ = {isa = PBXBuildFile; fileRef = AA802B7F125EBB3700281366 /* SecondView.xib */; };
		AAA254C9125EDBDA00EB2F30 /* background_wood.png in Resources */ = {isa = PBXBuildFile; fileRef = AAA254C8125EDBDA00EB2F30 /* background_wood.png */; };
		AAB50176126104F400F4FDB1 /* InteractiveView.m in Sources */ = {isa = PBXBuildFile; fileRef = AAB50175126104F400F4FDB1 /* InteractiveView.m */; };
		AAB501C112610CAF00F4FDB1 /* CoreGraphics.framework in Frameworks */ = {isa = PBXBuildFile; fileRef = AAB501C012610CAF00F4FDB1 /* CoreGraphics.framework */; };
		AABB69011254DD4500061302 /* SecondViewController.m in Sources */ = {isa = PBXBuildFile; fileRef = AABB69001254DD4500061302 /* SecondViewController.m */; };
		AAE981721260D72800086314 /* BAE_API_IOS.c in Sources */ = {isa = PBXBuildFile; fileRef = AAE981711260D72800086314 /* BAE_API_IOS.c */; };
/* End PBXBuildFile section */

/* Begin PBXFileReference section */
		1D3623240D0F684500981E51 /* iOSPlayAppDelegate.h */ = {isa = PBXFileReference; fileEncoding = 4; lastKnownFileType = sourcecode.c.h; path = iOSPlayAppDelegate.h; sourceTree = "<group>"; };
		1D3623250D0F684500981E51 /* iOSPlayAppDelegate.m */ = {isa = PBXFileReference; fileEncoding = 4; lastKnownFileType = sourcecode.c.objc; path = iOSPlayAppDelegate.m; sourceTree = "<group>"; };
		1D6058910D05DD3D006BFB54 /* iOSPlay.app */ = {isa = PBXFileReference; explicitFileType = wrapper.application; includeInIndex = 0; path = iOSPlay.app; sourceTree = BUILT_PRODUCTS_DIR; };
		28216C950DB411BC00E5133A /* FirstViewController.h */ = {isa = PBXFileReference; fileEncoding = 4; lastKnownFileType = sourcecode.c.h; path = FirstViewController.h; sourceTree = "<group>"; };
		28216C960DB411BC00E5133A /* FirstViewController.m */ = {isa = PBXFileReference; fileEncoding = 4; lastKnownFileType = sourcecode.c.objc; path = FirstViewController.m; sourceTree = "<group>"; };
		28A0AB4B0D9B1048005BE974 /* iOSPlay_Prefix.pch */ = {isa = PBXFileReference; fileEncoding = 4; lastKnownFileType = sourcecode.c.h; path = iOSPlay_Prefix.pch; sourceTree = "<group>"; };
		29B97316FDCFA39411CA2CEA /* main.m */ = {isa = PBXFileReference; fileEncoding = 4; lastKnownFileType = sourcecode.c.objc; path = main.m; sourceTree = "<group>"; };
		8D1107310486CEB800E47090 /* iOSPlay-Info.plist */ = {isa = PBXFileReference; fileEncoding = 4; lastKnownFileType = text.plist.xml; path = "iOSPlay-Info.plist"; plistStructureDefinitionIdentifier = "com.apple.xcode.plist.structure-definition.iphone.info-plist"; sourceTree = "<group>"; };
		AA2B83B8125EC6DF009E4319 /* FirstView~ipad.xib */ = {isa = PBXFileReference; lastKnownFileType = file.xib; name = "FirstView~ipad.xib"; path = "Resources-iPad/FirstView~ipad.xib"; sourceTree = "<group>"; };
		AA2B83B9125EC6DF009E4319 /* MainWindow-iPad.xib */ = {isa = PBXFileReference; lastKnownFileType = file.xib; name = "MainWindow-iPad.xib"; path = "Resources-iPad/MainWindow-iPad.xib"; sourceTree = "<group>"; };
		AA2B83BA125EC6DF009E4319 /* PlayFileDetail~ipad.xib */ = {isa = PBXFileReference; lastKnownFileType = file.xib; name = "PlayFileDetail~ipad.xib"; path = "Resources-iPad/PlayFileDetail~ipad.xib"; sourceTree = "<group>"; };
		AA2B83BB125EC6DF009E4319 /* PlayTableView~ipad.xib */ = {isa = PBXFileReference; lastKnownFileType = file.xib; name = "PlayTableView~ipad.xib"; path = "Resources-iPad/PlayTableView~ipad.xib"; sourceTree = "<group>"; };
		AA2B83BC125EC6DF009E4319 /* SecondView~ipad.xib */ = {isa = PBXFileReference; lastKnownFileType = file.xib; name = "SecondView~ipad.xib"; path = "Resources-iPad/SecondView~ipad.xib"; sourceTree = "<group>"; };
		AA36F4C012410D370019B588 /* PlayTableView.h */ = {isa = PBXFileReference; fileEncoding = 4; lastKnownFileType = sourcecode.c.h; path = PlayTableView.h; sourceTree = "<group>"; };
		AA36F4C112410D370019B588 /* PlayTableView.m */ = {isa = PBXFileReference; fileEncoding = 4; lastKnownFileType = sourcecode.c.objc; path = PlayTableView.m; sourceTree = "<group>"; };
		AA36F4EC12410EEF0019B588 /* PlayFileDetail.h */ = {isa = PBXFileReference; fileEncoding = 4; lastKnownFileType = sourcecode.c.h; path = PlayFileDetail.h; sourceTree = "<group>"; };
		AA36F4ED12410EEF0019B588 /* PlayFileDetail.m */ = {isa = PBXFileReference; fileEncoding = 4; lastKnownFileType = sourcecode.c.objc; path = PlayFileDetail.m; sourceTree = "<group>"; };
		AA45EC5812593CFA007A7D0A /* BAEPatches.c */ = {isa = PBXFileReference; fileEncoding = 4; lastKnownFileType = sourcecode.c.c; name = BAEPatches.c; path = ../../banks/patches/BAEPatches.c; sourceTree = SOURCE_ROOT; };
		AA45EC5912593CFA007A7D0A /* BAEPatches.h */ = {isa = PBXFileReference; fileEncoding = 4; lastKnownFileType = sourcecode.c.h; name = BAEPatches.h; path = ../../banks/patches/BAEPatches.h; sourceTree = SOURCE_ROOT; };
		AA45EC7412593CFA007A7D0A /* DriverTools.c */ = {isa = PBXFileReference; fileEncoding = 4; lastKnownFileType = sourcecode.c.c; path = DriverTools.c; sourceTree = "<group>"; };
		AA45EC7512593CFA007A7D0A /* g711.c */ = {isa = PBXFileReference; fileEncoding = 4; lastKnownFileType = sourcecode.c.c; path = g711.c; sourceTree = "<group>"; };
		AA45EC7612593CFA007A7D0A /* g721.c */ = {isa = PBXFileReference; fileEncoding = 4; lastKnownFileType = sourcecode.c.c; path = g721.c; sourceTree = "<group>"; };
		AA45EC7712593CFA007A7D0A /* g723_24.c */ = {isa = PBXFileReference; fileEncoding = 4; lastKnownFileType = sourcecode.c.c; path = g723_24.c; sourceTree = "<group>"; };
		AA45EC7812593CFA007A7D0A /* g723_40.c */ = {isa = PBXFileReference; fileEncoding = 4; lastKnownFileType = sourcecode.c.c; path = g723_40.c; sourceTree = "<group>"; };
		AA45EC7912593CFA007A7D0A /* g72x.c */ = {isa = PBXFileReference; fileEncoding = 4; lastKnownFileType = sourcecode.c.c; path = g72x.c; sourceTree = "<group>"; };
		AA45EC7A12593CFA007A7D0A /* g72x.h */ = {isa = PBXFileReference; fileEncoding = 4; lastKnownFileType = sourcecode.c.h; path = g72x.h; sourceTree = "<group>"; };
		AA45EC7B12593CFA007A7D0A /* GenAudioStreams.c */ = {isa = PBXFileReference; fileEncoding = 4; lastKnownFileType = sourcecode.c.c; path = GenAudioStreams.c; sourceTree = "<group>"; };
		AA45EC7C12593CFA007A7D0A /* GenCache.c */ = {isa = PBXFileReference; fileEncoding = 4; lastKnownFileType = sourcecode.c.c; path = GenCache.c; sourceTree = "<group>"; };
		AA45EC7D12593CFA007A7D0A /* GenCache.h */ = {isa = PBXFileReference; fileEncoding = 4; lastKnownFileType = sourcecode.c.h; path = GenCache.h; sourceTree = "<group>"; };
		AA45EC7E12593CFA007A7D0A /* GenChorus.c */ = {isa = PBXFileReference; fileEncoding = 4; lastKnownFileType = sourcecode.c.c; path = GenChorus.c; sourceTree = "<group>"; };
		AA45EC7F12593CFA007A7D0A /* GenFiltersReverbU3232.c */ = {isa = PBXFileReference; fileEncoding = 4; lastKnownFileType = sourcecode.c.c; path = GenFiltersReverbU3232.c; sourceTree = "<group>"; };
		AA45EC8012593CFA007A7D0A /* GenInterp2ReverbU3232.c */ = {isa = PBXFileReference; fileEncoding = 4; lastKnownFileType = sourcecode.c.c; path = GenInterp2ReverbU3232.c; sourceTree = "<group>"; };
		AA45EC8112593CFA007A7D0A /* GenOutput.c */ = {isa = PBXFileReference; fileEncoding = 4; lastKnownFileType = sourcecode.c.c; path = GenOutput.c; sourceTree = "<group>"; };
		AA45EC8212593CFA007A7D0A /* GenPatch.c */ = {isa = PBXFileReference; fileEncoding = 4; lastKnownFileType = sourcecode.c.c; path = GenPatch.c; sourceTree = "<group>"; };
		AA45EC8312593CFA007A7D0A /* GenPriv.h */ = {isa = PBXFileReference; fileEncoding = 4; lastKnownFileType = sourcecode.c.h; path = GenPriv.h; sourceTree = "<group>"; };
		AA45EC8412593CFA007A7D0A /* GenReverb.c */ = {isa = PBXFileReference; fileEncoding = 4; lastKnownFileType = sourcecode.c.c; path = GenReverb.c; sourceTree = "<group>"; };
		AA45EC8512593CFA007A7D0A /* GenReverbNew.c */ = {isa = PBXFileReference; fileEncoding = 4; lastKnownFileType = sourcecode.c.c; path = GenReverbNew.c; sourceTree = "<group>"; };
		AA45EC8612593CFA007A7D0A /* GenSample.c */ = {isa = PBXFileReference; fileEncoding = 4; lastKnownFileType = sourcecode.c.c; path = GenSample.c; sourceTree = "<group>"; };
		AA45EC8712593CFA007A7D0A /* GenSeq.c */ = {isa = PBXFileReference; fileEncoding = 4; lastKnownFileType = sourcecode.c.c; path = GenSeq.c; sourceTree = "<group>"; };
		AA45EC8812593CFA007A7D0A /* GenSeqTools.c */ = {isa = PBXFileReference; fileEncoding = 4; lastKnownFileType = sourcecode.c.c; path = GenSeqTools.c; sourceTree = "<group>"; };
		AA45EC8912593CFA007A7D0A /* GenSeqTools.h */ = {isa = PBXFileReference; fileEncoding = 4; lastKnownFileType = sourcecode.c.h; path = GenSeqTools.h; sourceTree = "<group>"; };
		AA45EC8A12593CFA007A7D0A /* GenSetup.c */ = {isa = PBXFileReference; fileEncoding = 4; lastKnownFileType = sourcecode.c.c; path = GenSetup.c; sourceTree = "<group>"; };
		AA45EC8B12593CFA007A7D0A /* GenSnd.h */ = {isa = PBXFileReference; fileEncoding = 4; lastKnownFileType = sourcecode.c.h; path = GenSnd.h; sourceTree = "<group>"; };
		AA45EC8C12593CFA007A7D0A /* GenSong.c */ = {isa = PBXFileReference; fileEncoding = 4; lastKnownFileType = sourcecode.c.c; path = GenSong.c; sourceTree = "<group>"; };
		AA45EC8D12593CFA007A7D0A /* GenSoundFiles.c */ = {isa = PBXFileReference; fileEncoding = 4; lastKnownFileType = sourcecode.c.c; path = GenSoundFiles.c; sourceTree = "<group>"; };
		AA45EC8E12593CFA007A7D0A /* GenSynth.c */ = {isa = PBXFileReference; fileEncoding = 4; lastKnownFileType = sourcecode.c.c; path = GenSynth.c; sourceTree = "<group>"; };
		AA45EC8F12593CFA007A7D0A /* GenSynthFiltersSimple.c */ = {isa = PBXFileReference; fileEncoding = 4; lastKnownFileType = sourcecode.c.c; path = GenSynthFiltersSimple.c; sourceTree = "<group>"; };
		AA45EC9012593CFA007A7D0A /* GenSynthFiltersU3232.c */ = {isa = PBXFileReference; fileEncoding = 4; lastKnownFileType = sourcecode.c.c; path = GenSynthFiltersU3232.c; sourceTree = "<group>"; };
		AA45EC9112593CFA007A7D0A /* GenSynthInterp2Simple.c */ = {isa = PBXFileReference; fileEncoding = 4; lastKnownFileType = sourcecode.c.c; path = GenSynthInterp2Simple.c; sourceTree = "<group>"; };
		AA45EC9212593CFA007A7D0A /* GenSynthInterp2U3232.c */ = {isa = PBXFileReference; fileEncoding = 4; lastKnownFileType = sourcecode.c.c; path = GenSynthInterp2U3232.c; sourceTree = "<group>"; };
		AA45EC9312593CFA007A7D0A /* MiniBAE.c */ = {isa = PBXFileReference; fileEncoding = 4; lastKnownFileType = sourcecode.c.c; path = MiniBAE.c; sourceTree = "<group>"; };
		AA45EC9412593CFA007A7D0A /* MiniBAE.h */ = {isa = PBXFileReference; fileEncoding = 4; lastKnownFileType = sourcecode.c.h; path = MiniBAE.h; sourceTree = "<group>"; };
		AA45EC9512593CFA007A7D0A /* NewNewLZSS.c */ = {isa = PBXFileReference; fileEncoding = 4; lastKnownFileType = sourcecode.c.c; path = NewNewLZSS.c; sourceTree = "<group>"; };
		AA45EC9612593CFA007A7D0A /* SampleTools.c */ = {isa = PBXFileReference; fileEncoding = 4; lastKnownFileType = sourcecode.c.c; path = SampleTools.c; sourceTree = "<group>"; };
		AA45EC9712593CFA007A7D0A /* X_API.c */ = {isa = PBXFileReference; fileEncoding = 4; lastKnownFileType = sourcecode.c.c; path = X_API.c; sourceTree = "<group>"; };
		AA45EC9812593CFA007A7D0A /* X_API.h */ = {isa = PBXFileReference; fileEncoding = 4; lastKnownFileType = sourcecode.c.h; path = X_API.h; sourceTree = "<group>"; };
		AA45EC9912593CFA007A7D0A /* X_Assert.h */ = {isa = PBXFileReference; fileEncoding = 4; lastKnownFileType = sourcecode.c.h; path = X_Assert.h; sourceTree = "<group>"; };
		AA45EC9A12593CFA007A7D0A /* X_Decompress.c */ = {isa = PBXFileReference; fileEncoding = 4; lastKnownFileType = sourcecode.c.c; path = X_Decompress.c; sourceTree = "<group>"; };
		AA45EC9B12593CFA007A7D0A /* X_Formats.h */ = {isa = PBXFileReference; fileEncoding = 4; lastKnownFileType = sourcecode.c.h; path = X_Formats.h; sourceTree = "<group>"; };
		AA45EC9C12593CFA007A7D0A /* X_IMA.c */ = {isa = PBXFileReference; fileEncoding = 4; lastKnownFileType = sourcecode.c.c; path = X_IMA.c; sourceTree = "<group>"; };
		AA45EC9D12593CFA007A7D0A /* X_PackStructures.h */ = {isa = PBXFileReference; fileEncoding = 4; lastKnownFileType = sourcecode.c.h; path = X_PackStructures.h; sourceTree = "<group>"; };
		AA45EC9E12593CFA007A7D0A /* X_UnpackStructures.h */ = {isa = PBXFileReference; fileEncoding = 4; lastKnownFileType = sourcecode.c.h; path = X_UnpackStructures.h; sourceTree = "<group>"; };
		AA45ECA012593CFA007A7D0A /* BAE_API.h */ = {isa = PBXFileReference; fileEncoding = 4; lastKnownFileType = sourcecode.c.h; path = BAE_API.h; sourceTree = "<group>"; };
		AA45ECA212593CFA007A7D0A /* BAEBuildOptions_IOS.h */ = {isa = PBXFileReference; fileEncoding = 4; lastKnownFileType = sourcecode.c.h; path = BAEBuildOptions_IOS.h; sourceTree = "<group>"; };
		AA45ECD912593D24007A7D0A /* africatest4.rmf */ = {isa = PBXFileReference; lastKnownFileType = file; name = africatest4.rmf; path = ../../Content/rmf/africatest4.rmf; sourceTree = SOURCE_ROOT; };
		AA45ECDA12593D24007A7D0A /* Ajarna.rmf */ = {isa = PBXFileReference; lastKnownFileType = file; name = Ajarna.rmf; path = ../../Content/rmf/Ajarna.rmf; sourceTree = SOURCE_ROOT; };
		AA45ECDB12593D24007A7D0A /* Ambient.rmf */ = {isa = PBXFileReference; lastKnownFileType = file; name = Ambient.rmf; path = ../../Content/rmf/Ambient.rmf; sourceTree = SOURCE_ROOT; };
		AA45ECDC12593D24007A7D0A /* aqua-sky-full.rmf */ = {isa = PBXFileReference; lastKnownFileType = file; name = "aqua-sky-full.rmf"; path = "../../Content/rmf/aqua-sky-full.rmf"; sourceTree = SOURCE_ROOT; };
		AA45ECDD12593D24007A7D0A /* BostonRain.rmf */ = {isa = PBXFileReference; lastKnownFileType = file; name = BostonRain.rmf; path = ../../Content/rmf/BostonRain.rmf; sourceTree = SOURCE_ROOT; };
		AA45ECDE12593D24007A7D0A /* bugbreaker-full.rmf */ = {isa = PBXFileReference; lastKnownFileType = file; name = "bugbreaker-full.rmf"; path = "../../Content/rmf/bugbreaker-full.rmf"; sourceTree = SOURCE_ROOT; };
		AA45ECDF12593D24007A7D0A /* celestial-w-samples.rmf */ = {isa = PBXFileReference; lastKnownFileType = file; name = "celestial-w-samples.rmf"; path = "../../Content/rmf/celestial-w-samples.rmf"; sourceTree = SOURCE_ROOT; };
		AA45ECE012593D24007A7D0A /* Chaos Game2.rmf */ = {isa = PBXFileReference; lastKnownFileType = file; name = "Chaos Game2.rmf"; path = "../../Content/rmf/Chaos Game2.rmf"; sourceTree = SOURCE_ROOT; };
		AA45ECE112593D24007A7D0A /* chillin-full.rmf */ = {isa = PBXFileReference; lastKnownFileType = file; name = "chillin-full.rmf"; path = "../../Content/rmf/chillin-full.rmf"; sourceTree = SOURCE_ROOT; };
		AA45ECE212593D24007A7D0A /* Determinator.rmf */ = {isa = PBXFileReference; lastKnownFileType = file; name = Determinator.rmf; path = ../../Content/rmf/Determinator.rmf; sourceTree = SOURCE_ROOT; };
		AA45ECE312593D24007A7D0A /* groove.rmf */ = {isa = PBXFileReference; lastKnownFileType = file; name = groove.rmf; path = ../../Content/rmf/groove.rmf; sourceTree = SOURCE_ROOT; };
		AA45ECE412593D24007A7D0A /* irradiator-full.rmf */ = {isa = PBXFileReference; lastKnownFileType = file; name = "irradiator-full.rmf"; path = "../../Content/rmf/irradiator-full.rmf"; sourceTree = SOURCE_ROOT; };
		AA45ECE512593D24007A7D0A /* loop.rmf */ = {isa = PBXFileReference; lastKnownFileType = file; name = loop.rmf; path = ../../Content/rmf/loop.rmf; sourceTree = SOURCE_ROOT; };
		AA45ECE612593D24007A7D0A /* loopnote_pan.rmf */ = {isa = PBXFileReference; lastKnownFileType = file; name = loopnote_pan.rmf; path = ../../Content/rmf/loopnote_pan.rmf; sourceTree = SOURCE_ROOT; };
		AA45ECE712593D24007A7D0A /* loopnote_rez.rmf */ = {isa = PBXFileReference; lastKnownFileType = file; name = loopnote_rez.rmf; path = ../../Content/rmf/loopnote_rez.rmf; sourceTree = SOURCE_ROOT; };
		AA45ECE812593D24007A7D0A /* mozart-symphony40.rmf */ = {isa = PBXFileReference; lastKnownFileType = file; name = "mozart-symphony40.rmf"; path = "../../Content/rmf/mozart-symphony40.rmf"; sourceTree = SOURCE_ROOT; };
		AA45ECE912593D24007A7D0A /* panik.rmf */ = {isa = PBXFileReference; lastKnownFileType = file; name = panik.rmf; path = ../../Content/rmf/panik.rmf; sourceTree = SOURCE_ROOT; };
		AA45ECEA12593D24007A7D0A /* Salt flats at dawn.rmf */ = {isa = PBXFileReference; lastKnownFileType = file; name = "Salt flats at dawn.rmf"; path = "../../Content/rmf/Salt flats at dawn.rmf"; sourceTree = SOURCE_ROOT; };
		AA45ECEB12593D24007A7D0A /* Sound Surfing.rmf */ = {isa = PBXFileReference; lastKnownFileType = file; name = "Sound Surfing.rmf"; path = "../../Content/rmf/Sound Surfing.rmf"; sourceTree = SOURCE_ROOT; };
		AA45ECEC12593D24007A7D0A /* synchotronic-full.rmf */ = {isa = PBXFileReference; lastKnownFileType = file; name = "synchotronic-full.rmf"; path = "../../Content/rmf/synchotronic-full.rmf"; sourceTree = SOURCE_ROOT; };
		AA45ECED12593D24007A7D0A /* Timeport.rmf */ = {isa = PBXFileReference; lastKnownFileType = file; name = Timeport.rmf; path = ../../Content/rmf/Timeport.rmf; sourceTree = SOURCE_ROOT; };
		AA45ECEF12593D24007A7D0A /* tropicalist-full.rmf */ = {isa = PBXFileReference; lastKnownFileType = file; name = "tropicalist-full.rmf"; path = "../../Content/rmf/tropicalist-full.rmf"; sourceTree = SOURCE_ROOT; };
		AA45ECF012593D24007A7D0A /* tropicalist-w-samples.rmf */ = {isa = PBXFileReference; lastKnownFileType = file; name = "tropicalist-w-samples.rmf"; path = "../../Content/rmf/tropicalist-w-samples.rmf"; sourceTree = SOURCE_ROOT; };
		AA45ECF112593D24007A7D0A /* UncleJamesFunk.rmf */ = {isa = PBXFileReference; lastKnownFileType = file; name = UncleJamesFunk.rmf; path = ../../Content/rmf/UncleJamesFunk.rmf; sourceTree = SOURCE_ROOT; };
		AA45ECF212593D24007A7D0A /* Up 4 It.rmf */ = {isa = PBXFileReference; lastKnownFileType = file; name = "Up 4 It.rmf"; path = "../../Content/rmf/Up 4 It.rmf"; sourceTree = SOURCE_ROOT; };
		AA45ECF312593D24007A7D0A /* wantcha.rmf */ = {isa = PBXFileReference; lastKnownFileType = file; name = wantcha.rmf; path = ../../Content/rmf/wantcha.rmf; sourceTree = SOURCE_ROOT; };
		AA45ECFB12593D24007A7D0A /* beatnik-analogue.rmf */ = {isa = PBXFileReference; lastKnownFileType = file; name = "beatnik-analogue.rmf"; path = "../../Content/rmf/beatnik-analogue.rmf"; sourceTree = SOURCE_ROOT; };
		AA45ECFC12593D24007A7D0A /* chop-squad-full.rmf */ = {isa = PBXFileReference; lastKnownFileType = file; name = "chop-squad-full.rmf"; path = "../../Content/rmf/chop-squad-full.rmf"; sourceTree = SOURCE_ROOT; };
		AA45ECFD12593D24007A7D0A /* EndGame.rmf */ = {isa = PBXFileReference; lastKnownFileType = file; name = EndGame.rmf; path = ../../Content/rmf/EndGame.rmf; sourceTree = SOURCE_ROOT; };
		AA45ECFE12593D24007A7D0A /* Hide 'n Seek.rmf */ = {isa = PBXFileReference; lastKnownFileType = file; name = "Hide 'n Seek.rmf"; path = "../../Content/rmf/Hide 'n Seek.rmf"; sourceTree = SOURCE_ROOT; };
		AA45ECFF12593D24007A7D0A /* House.rmf */ = {isa = PBXFileReference; lastKnownFileType = file; name = House.rmf; path = ../../Content/rmf/House.rmf; sourceTree = SOURCE_ROOT; };
		AA45ED0012593D24007A7D0A /* Intro.rmf */ = {isa = PBXFileReference; lastKnownFileType = file; name = Intro.rmf; path = ../../Content/rmf/Intro.rmf; sourceTree = SOURCE_ROOT; };
		AA45ED0112593D24007A7D0A /* jetset-full.rmf */ = {isa = PBXFileReference; lastKnownFileType = file; name = "jetset-full.rmf"; path = "../../Content/rmf/jetset-full.rmf"; sourceTree = SOURCE_ROOT; };
		AA45ED0212593D24007A7D0A /* loungy-sixties.rmf */ = {isa = PBXFileReference; lastKnownFileType = file; name = "loungy-sixties.rmf"; path = "../../Content/rmf/loungy-sixties.rmf"; sourceTree = SOURCE_ROOT; };
		AA45ED0312593D24007A7D0A /* LT_RMF_alaw.rmf */ = {isa = PBXFileReference; lastKnownFileType = file; name = LT_RMF_alaw.rmf; path = ../../Content/rmf/LT_RMF_alaw.rmf; sourceTree = SOURCE_ROOT; };
		AA45ED0412593D24007A7D0A /* LT_RMF_IMA.rmf */ = {isa = PBXFileReference; lastKnownFileType = file; name = LT_RMF_IMA.rmf; path = ../../Content/rmf/LT_RMF_IMA.rmf; sourceTree = SOURCE_ROOT; };
		AA45ED0512593D24007A7D0A /* LT_RMF_MPEG.rmf */ = {isa = PBXFileReference; lastKnownFileType = file; name = LT_RMF_MPEG.rmf; path = ../../Content/rmf/LT_RMF_MPEG.rmf; sourceTree = SOURCE_ROOT; };
		AA45ED0612593D24007A7D0A /* LT_RMF_no-cust.rmf */ = {isa = PBXFileReference; lastKnownFileType = file; name = "LT_RMF_no-cust.rmf"; path = "../../Content/rmf/LT_RMF_no-cust.rmf"; sourceTree = SOURCE_ROOT; };
		AA45ED0712593D24007A7D0A /* LT_RMF_PCM.rmf */ = {isa = PBXFileReference; lastKnownFileType = file; name = LT_RMF_PCM.rmf; path = ../../Content/rmf/LT_RMF_PCM.rmf; sourceTree = SOURCE_ROOT; };
		AA45ED0812593D24007A7D0A /* LT_RMF_ulaw.rmf */ = {isa = PBXFileReference; lastKnownFileType = file; name = LT_RMF_ulaw.rmf; path = ../../Content/rmf/LT_RMF_ulaw.rmf; sourceTree = SOURCE_ROOT; };
		AA45ED0912593D24007A7D0A /* polyzoot-full.rmf */ = {isa = PBXFileReference; lastKnownFileType = file; name = "polyzoot-full.rmf"; path = "../../Content/rmf/polyzoot-full.rmf"; sourceTree = SOURCE_ROOT; };
		AA45ED0A12593D24007A7D0A /* renegado-full.rmf */ = {isa = PBXFileReference; lastKnownFileType = file; name = "renegado-full.rmf"; path = "../../Content/rmf/renegado-full.rmf"; sourceTree = SOURCE_ROOT; };
		AA45ED0B12593D24007A7D0A /* sfx-medley.rmf */ = {isa = PBXFileReference; lastKnownFileType = file; name = "sfx-medley.rmf"; path = "../../Content/rmf/sfx-medley.rmf"; sourceTree = SOURCE_ROOT; };
		AA45ED0C12593D24007A7D0A /* the-future-is.rmf */ = {isa = PBXFileReference; lastKnownFileType = file; name = "the-future-is.rmf"; path = "../../Content/rmf/the-future-is.rmf"; sourceTree = SOURCE_ROOT; };
		AA45ED0D12593D24007A7D0A /* health_and_safety.rmf */ = {isa = PBXFileReference; lastKnownFileType = file; name = health_and_safety.rmf; path = ../../Content/rmf/health_and_safety.rmf; sourceTree = SOURCE_ROOT; };
		AA45ED0E12593D24007A7D0A /* intermission_time.rmf */ = {isa = PBXFileReference; lastKnownFileType = file; name = intermission_time.rmf; path = ../../Content/rmf/intermission_time.rmf; sourceTree = SOURCE_ROOT; };
		AA45ED0F12593D24007A7D0A /* little_boss.rmf */ = {isa = PBXFileReference; lastKnownFileType = file; name = little_boss.rmf; path = ../../Content/rmf/little_boss.rmf; sourceTree = SOURCE_ROOT; };
		AA45ED1012593D24007A7D0A /* pixie_kicks.rmf */ = {isa = PBXFileReference; lastKnownFileType = file; name = pixie_kicks.rmf; path = ../../Content/rmf/pixie_kicks.rmf; sourceTree = SOURCE_ROOT; };
		AA45ED1112593D24007A7D0A /* rum_punchy.rmf */ = {isa = PBXFileReference; lastKnownFileType = file; name = rum_punchy.rmf; path = ../../Content/rmf/rum_punchy.rmf; sourceTree = SOURCE_ROOT; };
		AA45ED1212593D24007A7D0A /* the_big_onion.rmf */ = {isa = PBXFileReference; lastKnownFileType = file; name = the_big_onion.rmf; path = ../../Content/rmf/the_big_onion.rmf; sourceTree = SOURCE_ROOT; };
		AA45ED1312593D24007A7D0A /* tricky_tracks.rmf */ = {isa = PBXFileReference; lastKnownFileType = file; name = tricky_tracks.rmf; path = ../../Content/rmf/tricky_tracks.rmf; sourceTree = SOURCE_ROOT; };
		AA45ED5112593DB7007A7D0A /* Icon-72.png */ = {isa = PBXFileReference; lastKnownFileType = image.png; name = "Icon-72.png"; path = "Resources/Icon-72.png"; sourceTree = "<group>"; };
		AA45ED5212593DB7007A7D0A /* Icon-Small-50.png */ = {isa = PBXFileReference; lastKnownFileType = image.png; name = "Icon-Small-50.png"; path = "Resources/Icon-Small-50.png"; sourceTree = "<group>"; };
		AA45ED5312593DB7007A7D0A /* Icon-Small.png */ = {isa = PBXFileReference; lastKnownFileType = image.png; name = "Icon-Small.png"; path = "Resources/Icon-Small.png"; sourceTree = "<group>"; };
		AA45ED5412593DB7007A7D0A /* Icon-Small@2x.png */ = {isa = PBXFileReference; lastKnownFileType = image.png; name = "Icon-Small@2x.png"; path = "Resources/Icon-Small@2x.png"; sourceTree = "<group>"; };
		AA45ED5512593DB7007A7D0A /* Icon.png */ = {isa = PBXFileReference; lastKnownFileType = image.png; name = Icon.png; path = Resources/Icon.png; sourceTree = "<group>"; };
		AA45ED5612593DB7007A7D0A /* Icon@2x.png */ = {isa = PBXFileReference; lastKnownFileType = image.png; name = "Icon@2x.png"; path = "Resources/Icon@2x.png"; sourceTree = "<group>"; };
		AA45ED6A12593DFA007A7D0A /* AVFoundation.framework */ = {isa = PBXFileReference; lastKnownFileType = wrapper.framework; name = AVFoundation.framework; path = System/Library/Frameworks/AVFoundation.framework; sourceTree = SDKROOT; };
		AA45ED6B12593DFA007A7D0A /* CoreFoundation.framework */ = {isa = PBXFileReference; lastKnownFileType = wrapper.framework; name = CoreFoundation.framework; path = System/Library/Frameworks/CoreFoundation.framework; sourceTree = SDKROOT; };
		AA45ED6C12593DFA007A7D0A /* UIKit.framework */ = {isa = PBXFileReference; lastKnownFileType = wrapper.framework; name = UIKit.framework; path = System/Library/Frameworks/UIKit.framework; sourceTree = SDKROOT; };
		AA45ED6D12593DFA007A7D0A /* CoreAudio.framework */ = {isa = PBXFileReference; lastKnownFileType = wrapper.framework; name = CoreAudio.framework; path = System/Library/Frameworks/CoreAudio.framework; sourceTree = SDKROOT; };
		AA45ED6E12593DFA007A7D0A /* AudioToolbox.framework */ = {isa = PBXFileReference; lastKnownFileType = wrapper.framework; name = AudioToolbox.framework; path = System/Library/Frameworks/AudioToolbox.framework; sourceTree = SDKROOT; };
		AA45ED6F12593DFA007A7D0A /* Foundation.framework */ = {isa = PBXFileReference; lastKnownFileType = wrapper.framework; name = Foundation.framework; path = System/Library/Frameworks/Foundation.framework; sourceTree = SDKROOT; };
		AA6D301D12AADFF3005F48EB /* ProgramList.plist */ = {isa = PBXFileReference; fileEncoding = 4; lastKnownFileType = text.plist.xml; name = ProgramList.plist; path = Resources/ProgramList.plist; sourceTree = "<group>"; };
		AA6D302212AAE1BE005F48EB /* InteractiveView~ipad.xib */ = {isa = PBXFileReference; lastKnownFileType = file.xib; name = "InteractiveView~ipad.xib"; path = "Resources-iPad/InteractiveView~ipad.xib"; sourceTree = "<group>"; };
		AA6D302412AAE1CB005F48EB /* InteractiveView.xib */ = {isa = PBXFileReference; lastKnownFileType = file.xib; name = InteractiveView.xib; path = Resources/InteractiveView.xib; sourceTree = "<group>"; };
		AA802B7B125EBB3700281366 /* FirstView.xib */ = {isa = PBXFileReference; lastKnownFileType = file.xib; name = FirstView.xib; path = Resources/FirstView.xib; sourceTree = "<group>"; };
		AA802B7C125EBB3700281366 /* MainWindow.xib */ = {isa = PBXFileReference; lastKnownFileType = file.xib; name = MainWindow.xib; path = Resources/MainWindow.xib; sourceTree = "<group>"; };
		AA802B7D125EBB3700281366 /* PlayFileDetail.xib */ = {isa = PBXFileReference; lastKnownFileType = file.xib; name = PlayFileDetail.xib; path = Resources/PlayFileDetail.xib; sourceTree = "<group>"; };
		AA802B7E125EBB3700281366 /* PlayTableView.xib */ = {isa = PBXFileReference; lastKnownFileType = file.xib; name = PlayTableView.xib; path = Resources/PlayTableView.xib; sourceTree = "<group>"; };
		AA802B7F125EBB3700281366 /* SecondView.xib */ = {isa = PBXFileReference; lastKnownFileType = file.xib; name = SecondView.xib; path = Resources/SecondView.xib; sourceTree = "<group>"; };
		AAA254C8125EDBDA00EB2F30 /* background_wood.png */ = {isa = PBXFileReference; lastKnownFileType = image.png; name = background_wood.png; path = Resources/background_wood.png; sourceTree = "<group>"; };
		AAB50174126104F400F4FDB1 /* InteractiveView.h */ = {isa = PBXFileReference; fileEncoding = 4; lastKnownFileType = sourcecode.c.h; path = InteractiveView.h; sourceTree = "<group>"; };
		AAB50175126104F400F4FDB1 /* InteractiveView.m */ = {isa = PBXFileReference; fileEncoding = 4; lastKnownFileType = sourcecode.c.objc; path = InteractiveView.m; sourceTree = "<group>"; };
		AAB501C012610CAF00F4FDB1 /* CoreGraphics.framework */ = {isa = PBXFileReference; lastKnownFileType = wrapper.framework; name = CoreGraphics.framework; path = System/Library/Frameworks/CoreGraphics.framework; sourceTree = SDKROOT; };
		AABB68FF1254DD4500061302 /* SecondViewController.h */ = {isa = PBXFileReference; fileEncoding = 4; lastKnownFileType = sourcecode.c.h; path = SecondViewController.h; sourceTree = "<group>"; };
		AABB69001254DD4500061302 /* SecondViewController.m */ = {isa = PBXFileReference; fileEncoding = 4; lastKnownFileType = sourcecode.c.objc; path = SecondViewController.m; sourceTree = "<group>"; };
		AAE981711260D72800086314 /* BAE_API_IOS.c */ = {isa = PBXFileReference; fileEncoding = 4; lastKnownFileType = sourcecode.c.c; path = BAE_API_IOS.c; sourceTree = "<group>"; };
/* End PBXFileReference section */

/* Begin PBXFrameworksBuildPhase section */
		1D60588F0D05DD3D006BFB54 /* Frameworks */ = {
			isa = PBXFrameworksBuildPhase;
			buildActionMask = 2147483647;
			files = (
				AA45ED7012593DFA007A7D0A /* AVFoundation.framework in Frameworks */,
				AA45ED7112593DFA007A7D0A /* CoreFoundation.framework in Frameworks */,
				AA45ED7212593DFA007A7D0A /* UIKit.framework in Frameworks */,
				AA45ED7312593DFA007A7D0A /* CoreAudio.framework in Frameworks */,
				AA45ED7412593DFA007A7D0A /* AudioToolbox.framework in Frameworks */,
				AA45ED7512593DFA007A7D0A /* Foundation.framework in Frameworks */,
				AAB501C112610CAF00F4FDB1 /* CoreGraphics.framework in Frameworks */,
			);
			runOnlyForDeploymentPostprocessing = 0;
		};
/* End PBXFrameworksBuildPhase section */

/* Begin PBXGroup section */
		080E96DDFE201D6D7F000001 /* Classes */ = {
			isa = PBXGroup;
			children = (
				1D3623240D0F684500981E51 /* iOSPlayAppDelegate.h */,
				1D3623250D0F684500981E51 /* iOSPlayAppDelegate.m */,
				28216C950DB411BC00E5133A /* FirstViewController.h */,
				28216C960DB411BC00E5133A /* FirstViewController.m */,
				AABB68FF1254DD4500061302 /* SecondViewController.h */,
				AABB69001254DD4500061302 /* SecondViewController.m */,
				AA36F4C012410D370019B588 /* PlayTableView.h */,
				AA36F4C112410D370019B588 /* PlayTableView.m */,
				AA36F4EC12410EEF0019B588 /* PlayFileDetail.h */,
				AA36F4ED12410EEF0019B588 /* PlayFileDetail.m */,
				AAB50174126104F400F4FDB1 /* InteractiveView.h */,
				AAB50175126104F400F4FDB1 /* InteractiveView.m */,
			);
			path = Classes;
			sourceTree = "<group>";
		};
		19C28FACFE9D520D11CA2CBB /* Products */ = {
			isa = PBXGroup;
			children = (
				1D6058910D05DD3D006BFB54 /* iOSPlay.app */,
			);
			name = Products;
			sourceTree = "<group>";
		};
		29B97314FDCFA39411CA2CEA /* iOSPlay */ = {
			isa = PBXGroup;
			children = (
				AA45EC5712593CFA007A7D0A /* miniBAE */,
				080E96DDFE201D6D7F000001 /* Classes */,
				29B97315FDCFA39411CA2CEA /* Other Sources */,
				29B97317FDCFA39411CA2CEA /* Resources */,
				AA802B9A125EBBB300281366 /* Resources-iPad */,
				29B97323FDCFA39411CA2CEA /* Frameworks */,
				19C28FACFE9D520D11CA2CBB /* Products */,
			);
			name = iOSPlay;
			sourceTree = "<group>";
		};
		29B97315FDCFA39411CA2CEA /* Other Sources */ = {
			isa = PBXGroup;
			children = (
				28A0AB4B0D9B1048005BE974 /* iOSPlay_Prefix.pch */,
				29B97316FDCFA39411CA2CEA /* main.m */,
			);
			name = "Other Sources";
			sourceTree = "<group>";
		};
		29B97317FDCFA39411CA2CEA /* Resources */ = {
			isa = PBXGroup;
			children = (
				AA6D301D12AADFF3005F48EB /* ProgramList.plist */,
				AAA254C8125EDBDA00EB2F30 /* background_wood.png */,
				8D1107310486CEB800E47090 /* iOSPlay-Info.plist */,
				AA45ECD812593D24007A7D0A /* rmf */,
				AA802BAE125EBC3100281366 /* icons */,
				AA802B7C125EBB3700281366 /* MainWindow.xib */,
				AA802B7B125EBB3700281366 /* FirstView.xib */,
				AA802B7F125EBB3700281366 /* SecondView.xib */,
				AA802B7D125EBB3700281366 /* PlayFileDetail.xib */,
				AA802B7E125EBB3700281366 /* PlayTableView.xib */,
				AA6D302412AAE1CB005F48EB /* InteractiveView.xib */,
			);
			name = Resources;
			sourceTree = "<group>";
		};
		29B97323FDCFA39411CA2CEA /* Frameworks */ = {
			isa = PBXGroup;
			children = (
				AA45ED6A12593DFA007A7D0A /* AVFoundation.framework */,
				AA45ED6B12593DFA007A7D0A /* CoreFoundation.framework */,
				AA45ED6C12593DFA007A7D0A /* UIKit.framework */,
				AA45ED6D12593DFA007A7D0A /* CoreAudio.framework */,
				AA45ED6E12593DFA007A7D0A /* AudioToolbox.framework */,
				AA45ED6F12593DFA007A7D0A /* Foundation.framework */,
				AAB501C012610CAF00F4FDB1 /* CoreGraphics.framework */,
			);
			name = Frameworks;
			sourceTree = "<group>";
		};
		AA45EC5712593CFA007A7D0A /* miniBAE */ = {
			isa = PBXGroup;
			children = (
				AA45EC5812593CFA007A7D0A /* BAEPatches.c */,
				AA45EC5912593CFA007A7D0A /* BAEPatches.h */,
				AA45EC7212593CFA007A7D0A /* BAE_Source */,
			);
			name = miniBAE;
			sourceTree = "<group>";
		};
		AA45EC7212593CFA007A7D0A /* BAE_Source */ = {
			isa = PBXGroup;
			children = (
				AA45EC7312593CFA007A7D0A /* Common */,
				AA45EC9F12593CFA007A7D0A /* Platform */,
			);
			name = BAE_Source;
			path = ../../BAE_Source;
			sourceTree = SOURCE_ROOT;
		};
		AA45EC7312593CFA007A7D0A /* Common */ = {
			isa = PBXGroup;
			children = (
				AA45EC7412593CFA007A7D0A /* DriverTools.c */,
				AA45EC7512593CFA007A7D0A /* g711.c */,
				AA45EC7612593CFA007A7D0A /* g721.c */,
				AA45EC7712593CFA007A7D0A /* g723_24.c */,
				AA45EC7812593CFA007A7D0A /* g723_40.c */,
				AA45EC7912593CFA007A7D0A /* g72x.c */,
				AA45EC7A12593CFA007A7D0A /* g72x.h */,
				AA45EC7B12593CFA007A7D0A /* GenAudioStreams.c */,
				AA45EC7C12593CFA007A7D0A /* GenCache.c */,
				AA45EC7D12593CFA007A7D0A /* GenCache.h */,
				AA45EC7E12593CFA007A7D0A /* GenChorus.c */,
				AA45EC7F12593CFA007A7D0A /* GenFiltersReverbU3232.c */,
				AA45EC8012593CFA007A7D0A /* GenInterp2ReverbU3232.c */,
				AA45EC8112593CFA007A7D0A /* GenOutput.c */,
				AA45EC8212593CFA007A7D0A /* GenPatch.c */,
				AA45EC8312593CFA007A7D0A /* GenPriv.h */,
				AA45EC8412593CFA007A7D0A /* GenReverb.c */,
				AA45EC8512593CFA007A7D0A /* GenReverbNew.c */,
				AA45EC8612593CFA007A7D0A /* GenSample.c */,
				AA45EC8712593CFA007A7D0A /* GenSeq.c */,
				AA45EC8812593CFA007A7D0A /* GenSeqTools.c */,
				AA45EC8912593CFA007A7D0A /* GenSeqTools.h */,
				AA45EC8A12593CFA007A7D0A /* GenSetup.c */,
				AA45EC8B12593CFA007A7D0A /* GenSnd.h */,
				AA45EC8C12593CFA007A7D0A /* GenSong.c */,
				AA45EC8D12593CFA007A7D0A /* GenSoundFiles.c */,
				AA45EC8E12593CFA007A7D0A /* GenSynth.c */,
				AA45EC8F12593CFA007A7D0A /* GenSynthFiltersSimple.c */,
				AA45EC9012593CFA007A7D0A /* GenSynthFiltersU3232.c */,
				AA45EC9112593CFA007A7D0A /* GenSynthInterp2Simple.c */,
				AA45EC9212593CFA007A7D0A /* GenSynthInterp2U3232.c */,
				AA45EC9312593CFA007A7D0A /* MiniBAE.c */,
				AA45EC9412593CFA007A7D0A /* MiniBAE.h */,
				AA45EC9512593CFA007A7D0A /* NewNewLZSS.c */,
				AA45EC9612593CFA007A7D0A /* SampleTools.c */,
				AA45EC9712593CFA007A7D0A /* X_API.c */,
				AA45EC9812593CFA007A7D0A /* X_API.h */,
				AA45EC9912593CFA007A7D0A /* X_Assert.h */,
				AA45EC9A12593CFA007A7D0A /* X_Decompress.c */,
				AA45EC9B12593CFA007A7D0A /* X_Formats.h */,
				AA45EC9C12593CFA007A7D0A /* X_IMA.c */,
				AA45EC9D12593CFA007A7D0A /* X_PackStructures.h */,
				AA45EC9E12593CFA007A7D0A /* X_UnpackStructures.h */,
			);
			path = Common;
			sourceTree = "<group>";
		};
		AA45EC9F12593CFA007A7D0A /* Platform */ = {
			isa = PBXGroup;
			children = (
				AAE981711260D72800086314 /* BAE_API_IOS.c */,
				AA45ECA012593CFA007A7D0A /* BAE_API.h */,
				AA45ECA212593CFA007A7D0A /* BAEBuildOptions_IOS.h */,
			);
			path = Platform;
			sourceTree = "<group>";
		};
		AA45ECD812593D24007A7D0A /* rmf */ = {
			isa = PBXGroup;
			children = (
				AA45ECD912593D24007A7D0A /* africatest4.rmf */,
				AA45ECDA12593D24007A7D0A /* Ajarna.rmf */,
				AA45ECDB12593D24007A7D0A /* Ambient.rmf */,
				AA45ECDC12593D24007A7D0A /* aqua-sky-full.rmf */,
				AA45ECDD12593D24007A7D0A /* BostonRain.rmf */,
				AA45ECDE12593D24007A7D0A /* bugbreaker-full.rmf */,
				AA45ECDF12593D24007A7D0A /* celestial-w-samples.rmf */,
				AA45ECE012593D24007A7D0A /* Chaos Game2.rmf */,
				AA45ECE112593D24007A7D0A /* chillin-full.rmf */,
				AA45ECE212593D24007A7D0A /* Determinator.rmf */,
				AA45ECE312593D24007A7D0A /* groove.rmf */,
				AA45ECE412593D24007A7D0A /* irradiator-full.rmf */,
				AA45ECE512593D24007A7D0A /* loop.rmf */,
				AA45ECE612593D24007A7D0A /* loopnote_pan.rmf */,
				AA45ECE712593D24007A7D0A /* loopnote_rez.rmf */,
				AA45ECE812593D24007A7D0A /* mozart-symphony40.rmf */,
				AA45ECE912593D24007A7D0A /* panik.rmf */,
				AA45ECEA12593D24007A7D0A /* Salt flats at dawn.rmf */,
				AA45ECEB12593D24007A7D0A /* Sound Surfing.rmf */,
				AA45ECEC12593D24007A7D0A /* synchotronic-full.rmf */,
				AA45ECED12593D24007A7D0A /* Timeport.rmf */,
				AA45ECEF12593D24007A7D0A /* tropicalist-full.rmf */,
				AA45ECF012593D24007A7D0A /* tropicalist-w-samples.rmf */,
				AA45ECF112593D24007A7D0A /* UncleJamesFunk.rmf */,
				AA45ECF212593D24007A7D0A /* Up 4 It.rmf */,
				AA45ECF312593D24007A7D0A /* wantcha.rmf */,
				AA45ECFB12593D24007A7D0A /* beatnik-analogue.rmf */,
				AA45ECFC12593D24007A7D0A /* chop-squad-full.rmf */,
				AA45ECFD12593D24007A7D0A /* EndGame.rmf */,
				AA45ECFE12593D24007A7D0A /* Hide 'n Seek.rmf */,
				AA45ECFF12593D24007A7D0A /* House.rmf */,
				AA45ED0012593D24007A7D0A /* Intro.rmf */,
				AA45ED0112593D24007A7D0A /* jetset-full.rmf */,
				AA45ED0212593D24007A7D0A /* loungy-sixties.rmf */,
				AA45ED0312593D24007A7D0A /* LT_RMF_alaw.rmf */,
				AA45ED0412593D24007A7D0A /* LT_RMF_IMA.rmf */,
				AA45ED0512593D24007A7D0A /* LT_RMF_MPEG.rmf */,
				AA45ED0612593D24007A7D0A /* LT_RMF_no-cust.rmf */,
				AA45ED0712593D24007A7D0A /* LT_RMF_PCM.rmf */,
				AA45ED0812593D24007A7D0A /* LT_RMF_ulaw.rmf */,
				AA45ED0912593D24007A7D0A /* polyzoot-full.rmf */,
				AA45ED0A12593D24007A7D0A /* renegado-full.rmf */,
				AA45ED0B12593D24007A7D0A /* sfx-medley.rmf */,
				AA45ED0C12593D24007A7D0A /* the-future-is.rmf */,
				AA45ED0D12593D24007A7D0A /* health_and_safety.rmf */,
				AA45ED0E12593D24007A7D0A /* intermission_time.rmf */,
				AA45ED0F12593D24007A7D0A /* little_boss.rmf */,
				AA45ED1012593D24007A7D0A /* pixie_kicks.rmf */,
				AA45ED1112593D24007A7D0A /* rum_punchy.rmf */,
				AA45ED1212593D24007A7D0A /* the_big_onion.rmf */,
				AA45ED1312593D24007A7D0A /* tricky_tracks.rmf */,
			);
			name = rmf;
			sourceTree = "<group>";
		};
		AA802B9A125EBBB300281366 /* Resources-iPad */ = {
			isa = PBXGroup;
			children = (
				AA2B83B8125EC6DF009E4319 /* FirstView~ipad.xib */,
				AA2B83BC125EC6DF009E4319 /* SecondView~ipad.xib */,
				AA2B83B9125EC6DF009E4319 /* MainWindow-iPad.xib */,
				AA2B83BA125EC6DF009E4319 /* PlayFileDetail~ipad.xib */,
				AA2B83BB125EC6DF009E4319 /* PlayTableView~ipad.xib */,
				AA6D302212AAE1BE005F48EB /* InteractiveView~ipad.xib */,
			);
			name = "Resources-iPad";
			sourceTree = "<group>";
		};
		AA802BAE125EBC3100281366 /* icons */ = {
			isa = PBXGroup;
			children = (
				AA45ED5112593DB7007A7D0A /* Icon-72.png */,
				AA45ED5212593DB7007A7D0A /* Icon-Small-50.png */,
				AA45ED5312593DB7007A7D0A /* Icon-Small.png */,
				AA45ED5412593DB7007A7D0A /* Icon-Small@2x.png */,
				AA45ED5512593DB7007A7D0A /* Icon.png */,
				AA45ED5612593DB7007A7D0A /* Icon@2x.png */,
			);
			name = icons;
			sourceTree = "<group>";
		};
/* End PBXGroup section */

/* Begin PBXNativeTarget section */
		1D6058900D05DD3D006BFB54 /* iOSPlay */ = {
			isa = PBXNativeTarget;
			buildConfigurationList = 1D6058960D05DD3E006BFB54 /* Build configuration list for PBXNativeTarget "iOSPlay" */;
			buildPhases = (
				1D60588D0D05DD3D006BFB54 /* Resources */,
				1D60588E0D05DD3D006BFB54 /* Sources */,
				1D60588F0D05DD3D006BFB54 /* Frameworks */,
			);
			buildRules = (
			);
			dependencies = (
			);
			name = iOSPlay;
			productName = iOSPlay;
			productReference = 1D6058910D05DD3D006BFB54 /* iOSPlay.app */;
			productType = "com.apple.product-type.application";
		};
/* End PBXNativeTarget section */

/* Begin PBXProject section */
		29B97313FDCFA39411CA2CEA /* Project object */ = {
			isa = PBXProject;
			buildConfigurationList = C01FCF4E08A954540054247B /* Build configuration list for PBXProject "iOSPlay" */;
			compatibilityVersion = "Xcode 3.2";
			developmentRegion = English;
			hasScannedForEncodings = 1;
			knownRegions = (
				English,
				Japanese,
				French,
				German,
			);
			mainGroup = 29B97314FDCFA39411CA2CEA /* iOSPlay */;
			projectDirPath = "";
			projectRoot = "";
			targets = (
				1D6058900D05DD3D006BFB54 /* iOSPlay */,
			);
		};
/* End PBXProject section */

/* Begin PBXResourcesBuildPhase section */
		1D60588D0D05DD3D006BFB54 /* Resources */ = {
			isa = PBXResourcesBuildPhase;
			buildActionMask = 2147483647;
			files = (
				AA45ED1412593D24007A7D0A /* africatest4.rmf in Resources */,
				AA45ED1512593D24007A7D0A /* Ajarna.rmf in Resources */,
				AA45ED1612593D24007A7D0A /* Ambient.rmf in Resources */,
				AA45ED1712593D24007A7D0A /* aqua-sky-full.rmf in Resources */,
				AA45ED1812593D24007A7D0A /* BostonRain.rmf in Resources */,
				AA45ED1912593D24007A7D0A /* bugbreaker-full.rmf in Resources */,
				AA45ED1A12593D24007A7D0A /* celestial-w-samples.rmf in Resources */,
				AA45ED1B12593D24007A7D0A /* Chaos Game2.rmf in Resources */,
				AA45ED1C12593D24007A7D0A /* chillin-full.rmf in Resources */,
				AA45ED1D12593D24007A7D0A /* Determinator.rmf in Resources */,
				AA45ED1E12593D24007A7D0A /* groove.rmf in Resources */,
				AA45ED1F12593D24007A7D0A /* irradiator-full.rmf in Resources */,
				AA45ED2012593D24007A7D0A /* loop.rmf in Resources */,
				AA45ED2112593D24007A7D0A /* loopnote_pan.rmf in Resources */,
				AA45ED2212593D24007A7D0A /* loopnote_rez.rmf in Resources */,
				AA45ED2312593D24007A7D0A /* mozart-symphony40.rmf in Resources */,
				AA45ED2412593D24007A7D0A /* panik.rmf in Resources */,
				AA45ED2512593D24007A7D0A /* Salt flats at dawn.rmf in Resources */,
				AA45ED2612593D24007A7D0A /* Sound Surfing.rmf in Resources */,
				AA45ED2712593D24007A7D0A /* synchotronic-full.rmf in Resources */,
				AA45ED2812593D24007A7D0A /* Timeport.rmf in Resources */,
				AA45ED2A12593D24007A7D0A /* tropicalist-full.rmf in Resources */,
				AA45ED2B12593D24007A7D0A /* tropicalist-w-samples.rmf in Resources */,
				AA45ED2C12593D24007A7D0A /* UncleJamesFunk.rmf in Resources */,
				AA45ED2D12593D24007A7D0A /* Up 4 It.rmf in Resources */,
				AA45ED2E12593D24007A7D0A /* wantcha.rmf in Resources */,
				AA45ED3612593D24007A7D0A /* beatnik-analogue.rmf in Resources */,
				AA45ED3712593D24007A7D0A /* chop-squad-full.rmf in Resources */,
				AA45ED3812593D24007A7D0A /* EndGame.rmf in Resources */,
				AA45ED3912593D24007A7D0A /* Hide 'n Seek.rmf in Resources */,
				AA45ED3A12593D24007A7D0A /* House.rmf in Resources */,
				AA45ED3B12593D24007A7D0A /* Intro.rmf in Resources */,
				AA45ED3C12593D24007A7D0A /* jetset-full.rmf in Resources */,
				AA45ED3D12593D24007A7D0A /* loungy-sixties.rmf in Resources */,
				AA45ED3E12593D24007A7D0A /* LT_RMF_alaw.rmf in Resources */,
				AA45ED3F12593D24007A7D0A /* LT_RMF_IMA.rmf in Resources */,
				AA45ED4012593D24007A7D0A /* LT_RMF_MPEG.rmf in Resources */,
				AA45ED4112593D24007A7D0A /* LT_RMF_no-cust.rmf in Resources */,
				AA45ED4212593D24007A7D0A /* LT_RMF_PCM.rmf in Resources */,
				AA45ED4312593D24007A7D0A /* LT_RMF_ulaw.rmf in Resources */,
				AA45ED4412593D24007A7D0A /* polyzoot-full.rmf in Resources */,
				AA45ED4512593D24007A7D0A /* renegado-full.rmf in Resources */,
				AA45ED4612593D24007A7D0A /* sfx-medley.rmf in Resources */,
				AA45ED4712593D24007A7D0A /* the-future-is.rmf in Resources */,
				AA45ED4812593D24007A7D0A /* health_and_safety.rmf in Resources */,
				AA45ED4912593D24007A7D0A /* intermission_time.rmf in Resources */,
				AA45ED4A12593D24007A7D0A /* little_boss.rmf in Resources */,
				AA45ED4B12593D24007A7D0A /* pixie_kicks.rmf in Resources */,
				AA45ED4C12593D24007A7D0A /* rum_punchy.rmf in Resources */,
				AA45ED4D12593D24007A7D0A /* the_big_onion.rmf in Resources */,
				AA45ED4E12593D24007A7D0A /* tricky_tracks.rmf in Resources */,
				AA45ED5712593DB7007A7D0A /* Icon-72.png in Resources */,
				AA45ED5812593DB7007A7D0A /* Icon-Small-50.png in Resources */,
				AA45ED5912593DB7007A7D0A /* Icon-Small.png in Resources */,
				AA45ED5A12593DB7007A7D0A /* Icon-Small@2x.png in Resources */,
				AA45ED5B12593DB7007A7D0A /* Icon.png in Resources */,
				AA45ED5C12593DB7007A7D0A /* Icon@2x.png in Resources */,
				AA802B80125EBB3700281366 /* FirstView.xib in Resources */,
				AA802B81125EBB3700281366 /* MainWindow.xib in Resources */,
				AA802B82125EBB3700281366 /* PlayFileDetail.xib in Resources */,
				AA802B83125EBB3700281366 /* PlayTableView.xib in Resources */,
				AA802B84125EBB3700281366 /* SecondView.xib in Resources */,
				AA2B83BD125EC6DF009E4319 /* FirstView~ipad.xib in Resources */,
				AA2B83BE125EC6DF009E4319 /* MainWindow-iPad.xib in Resources */,
				AA2B83BF125EC6DF009E4319 /* PlayFileDetail~ipad.xib in Resources */,
				AA2B83C0125EC6DF009E4319 /* PlayTableView~ipad.xib in Resources */,
				AA2B83C1125EC6DF009E4319 /* SecondView~ipad.xib in Resources */,
				AAA254C9125EDBDA00EB2F30 /* background_wood.png in Resources */,
				AA6D301E12AADFF3005F48EB /* ProgramList.plist in Resources */,
				AA6D302312AAE1BE005F48EB /* InteractiveView~ipad.xib in Resources */,
				AA6D302512AAE1CB005F48EB /* InteractiveView.xib in Resources */,
			);
			runOnlyForDeploymentPostprocessing = 0;
		};
/* End PBXResourcesBuildPhase section */

/* Begin PBXSourcesBuildPhase section */
		1D60588E0D05DD3D006BFB54 /* Sources */ = {
			isa = PBXSourcesBuildPhase;
			buildActionMask = 2147483647;
			files = (
				1D60589B0D05DD56006BFB54 /* main.m in Sources */,
				1D3623260D0F684500981E51 /* iOSPlayAppDelegate.m in Sources */,
				28216C970DB411BC00E5133A /* FirstViewController.m in Sources */,
				AA36F4C312410D370019B588 /* PlayTableView.m in Sources */,
				AA36F4EF12410EEF0019B588 /* PlayFileDetail.m in Sources */,
				AABB69011254DD4500061302 /* SecondViewController.m in Sources */,
				AA45ECA312593CFA007A7D0A /* BAEPatches.c in Sources */,
				AA45ECB612593CFA007A7D0A /* DriverTools.c in Sources */,
				AA45ECB712593CFA007A7D0A /* g711.c in Sources */,
				AA45ECB812593CFA007A7D0A /* g721.c in Sources */,
				AA45ECB912593CFA007A7D0A /* g723_24.c in Sources */,
				AA45ECBA12593CFA007A7D0A /* g723_40.c in Sources */,
				AA45ECBB12593CFA007A7D0A /* g72x.c in Sources */,
				AA45ECBC12593CFA007A7D0A /* GenAudioStreams.c in Sources */,
				AA45ECBD12593CFA007A7D0A /* GenCache.c in Sources */,
				AA45ECBE12593CFA007A7D0A /* GenChorus.c in Sources */,
				AA45ECBF12593CFA007A7D0A /* GenFiltersReverbU3232.c in Sources */,
				AA45ECC012593CFA007A7D0A /* GenInterp2ReverbU3232.c in Sources */,
				AA45ECC112593CFA007A7D0A /* GenOutput.c in Sources */,
				AA45ECC212593CFA007A7D0A /* GenPatch.c in Sources */,
				AA45ECC312593CFA007A7D0A /* GenReverb.c in Sources */,
				AA45ECC412593CFA007A7D0A /* GenReverbNew.c in Sources */,
				AA45ECC512593CFA007A7D0A /* GenSample.c in Sources */,
				AA45ECC612593CFA007A7D0A /* GenSeq.c in Sources */,
				AA45ECC712593CFA007A7D0A /* GenSeqTools.c in Sources */,
				AA45ECC812593CFA007A7D0A /* GenSetup.c in Sources */,
				AA45ECC912593CFA007A7D0A /* GenSong.c in Sources */,
				AA45ECCA12593CFA007A7D0A /* GenSoundFiles.c in Sources */,
				AA45ECCB12593CFA007A7D0A /* GenSynth.c in Sources */,
				AA45ECCC12593CFA007A7D0A /* GenSynthFiltersSimple.c in Sources */,
				AA45ECCD12593CFA007A7D0A /* GenSynthFiltersU3232.c in Sources */,
				AA45ECCE12593CFA007A7D0A /* GenSynthInterp2Simple.c in Sources */,
				AA45ECCF12593CFA007A7D0A /* GenSynthInterp2U3232.c in Sources */,
				AA45ECD012593CFA007A7D0A /* MiniBAE.c in Sources */,
				AA45ECD112593CFA007A7D0A /* NewNewLZSS.c in Sources */,
				AA45ECD212593CFA007A7D0A /* SampleTools.c in Sources */,
				AA45ECD312593CFA007A7D0A /* X_API.c in Sources */,
				AA45ECD412593CFA007A7D0A /* X_Decompress.c in Sources */,
				AA45ECD512593CFA007A7D0A /* X_IMA.c in Sources */,
				AAE981721260D72800086314 /* BAE_API_IOS.c in Sources */,
				AAB50176126104F400F4FDB1 /* InteractiveView.m in Sources */,
			);
			runOnlyForDeploymentPostprocessing = 0;
		};
/* End PBXSourcesBuildPhase section */

/* Begin XCBuildConfiguration section */
		1D6058940D05DD3E006BFB54 /* Debug */ = {
			isa = XCBuildConfiguration;
			buildSettings = {
				ALWAYS_SEARCH_USER_PATHS = NO;
				ARCHS = "$(ARCHS_STANDARD_32_BIT)";
				"CODE_SIGN_IDENTITY[sdk=iphoneos*]" = "iPhone Developer";
				COPY_PHASE_STRIP = NO;
				GCC_DEBUGGING_SYMBOLS = full;
				GCC_DYNAMIC_NO_PIC = NO;
				GCC_OPTIMIZATION_LEVEL = 0;
				GCC_PRECOMPILE_PREFIX_HEADER = YES;
				GCC_PREFIX_HEADER = iOSPlay_Prefix.pch;
				GCC_PREPROCESSOR_DEFINITIONS = (
					"_DEBUG=1",
					"X_PLATFORM=X_IOS",
				);
				GCC_UNROLL_LOOPS = YES;
				GCC_VERSION = 4.2;
				INFOPLIST_FILE = "iOSPlay-Info.plist";
				OTHER_CFLAGS = "-DNS_BLOCK_ASSERTIONS=1";
				PRODUCT_NAME = iOSPlay;
				"PROVISIONING_PROFILE[sdk=iphoneos*]" = "";
				SDKROOT = iphoneos;
				TARGETED_DEVICE_FAMILY = "1,2";
			};
			name = Debug;
		};
		1D6058950D05DD3E006BFB54 /* Release */ = {
			isa = XCBuildConfiguration;
			buildSettings = {
				ALWAYS_SEARCH_USER_PATHS = NO;
				ARCHS = "$(ARCHS_STANDARD_32_BIT)";
				"CODE_SIGN_IDENTITY[sdk=iphoneos*]" = "iPhone Developer";
				COPY_PHASE_STRIP = NO;
				GCC_DEBUGGING_SYMBOLS = full;
				GCC_OPTIMIZATION_LEVEL = 3;
				GCC_PRECOMPILE_PREFIX_HEADER = YES;
				GCC_PREFIX_HEADER = iOSPlay_Prefix.pch;
				GCC_PREPROCESSOR_DEFINITIONS = (
					"_DEBUG=1",
					"X_PLATFORM=X_IOS",
				);
				GCC_UNROLL_LOOPS = YES;
				GCC_VERSION = com.apple.compilers.llvmgcc42;
				INFOPLIST_FILE = "iOSPlay-Info.plist";
				PRODUCT_NAME = iOSPlay;
				"PROVISIONING_PROFILE[sdk=iphoneos*]" = "";
				SDKROOT = iphoneos;
				TARGETED_DEVICE_FAMILY = "1,2";
				VALIDATE_PRODUCT = YES;
			};
			name = Release;
		};
		C01FCF4F08A954540054247B /* Debug */ = {
			isa = XCBuildConfiguration;
			buildSettings = {
				ARCHS = "$(ARCHS_STANDARD_32_BIT)";
				"CODE_SIGN_IDENTITY[sdk=iphoneos*]" = "iPhone Developer";
				GCC_C_LANGUAGE_STANDARD = c99;
				GCC_THUMB_SUPPORT = NO;
				GCC_VERSION = com.apple.compilers.llvmgcc42;
				GCC_WARN_ABOUT_RETURN_TYPE = YES;
				GCC_WARN_UNUSED_VARIABLE = YES;
				IPHONEOS_DEPLOYMENT_TARGET = 3.2;
				PREBINDING = NO;
				SDKROOT = iphoneos;
			};
			name = Debug;
		};
		C01FCF5008A954540054247B /* Release */ = {
			isa = XCBuildConfiguration;
			buildSettings = {
				ARCHS = "$(ARCHS_STANDARD_32_BIT)";
				"CODE_SIGN_IDENTITY[sdk=iphoneos*]" = "iPhone Developer";
				GCC_C_LANGUAGE_STANDARD = c99;
				GCC_THUMB_SUPPORT = NO;
				GCC_VERSION = com.apple.compilers.llvmgcc42;
				GCC_WARN_ABOUT_RETURN_TYPE = YES;
				GCC_WARN_UNUSED_VARIABLE = YES;
				IPHONEOS_DEPLOYMENT_TARGET = 3.2;
				OTHER_CFLAGS = "-DNS_BLOCK_ASSERTIONS=1";
				PREBINDING = NO;
				SDKROOT = iphoneos;
			};
			name = Release;
		};
/* End XCBuildConfiguration section */

/* Begin XCConfigurationList section */
		1D6058960D05DD3E006BFB54 /* Build configuration list for PBXNativeTarget "iOSPlay" */ = {
			isa = XCConfigurationList;
			buildConfigurations = (
				1D6058940D05DD3E006BFB54 /* Debug */,
				1D6058950D05DD3E006BFB54 /* Release */,
			);
			defaultConfigurationIsVisible = 0;
			defaultConfigurationName = Release;
		};
		C01FCF4E08A954540054247B /* Build configuration list for PBXProject "iOSPlay" */ = {
			isa = XCConfigurationList;
			buildConfigurations = (
				C01FCF4F08A954540054247B /* Debug */,
				C01FCF5008A954540054247B /* Release */,
			);
			defaultConfigurationIsVisible = 0;
			defaultConfigurationName = Release;
		};
/* End XCConfigurationList section */
	};
	rootObject = 29B97313FDCFA39411CA2CEA /* Project object */;
}
