// !$*UTF8*$!
{
	archiveVersion = 1;
	classes = {
	};
	objectVersion = 45;
	objects = {

/* Begin PBXBuildFile section */
		AA0A973511BC44B500D01187 /* DriverTools.c in Sources */ = {isa = PBXBuildFile; fileRef = AA0A970611BC44B500D01187 /* DriverTools.c */; };
		AA0A973611BC44B500D01187 /* g711.c in Sources */ = {isa = PBXBuildFile; fileRef = AA0A970711BC44B500D01187 /* g711.c */; };
		AA0A973711BC44B500D01187 /* g721.c in Sources */ = {isa = PBXBuildFile; fileRef = AA0A970811BC44B500D01187 /* g721.c */; };
		AA0A973811BC44B500D01187 /* g723_24.c in Sources */ = {isa = PBXBuildFile; fileRef = AA0A970911BC44B500D01187 /* g723_24.c */; };
		AA0A973911BC44B500D01187 /* g723_40.c in Sources */ = {isa = PBXBuildFile; fileRef = AA0A970A11BC44B500D01187 /* g723_40.c */; };
		AA0A973A11BC44B500D01187 /* g72x.c in Sources */ = {isa = PBXBuildFile; fileRef = AA0A970B11BC44B500D01187 /* g72x.c */; };
		AA0A973B11BC44B500D01187 /* GenAudioStreams.c in Sources */ = {isa = PBXBuildFile; fileRef = AA0A970D11BC44B500D01187 /* GenAudioStreams.c */; };
		AA0A973C11BC44B500D01187 /* GenCache.c in Sources */ = {isa = PBXBuildFile; fileRef = AA0A970E11BC44B500D01187 /* GenCache.c */; };
		AA0A973D11BC44B500D01187 /* GenChorus.c in Sources */ = {isa = PBXBuildFile; fileRef = AA0A971011BC44B500D01187 /* GenChorus.c */; };
		AA0A973E11BC44B500D01187 /* GenFiltersReverbU3232.c in Sources */ = {isa = PBXBuildFile; fileRef = AA0A971111BC44B500D01187 /* GenFiltersReverbU3232.c */; };
		AA0A973F11BC44B500D01187 /* GenInterp2ReverbU3232.c in Sources */ = {isa = PBXBuildFile; fileRef = AA0A971211BC44B500D01187 /* GenInterp2ReverbU3232.c */; };
		AA0A974011BC44B500D01187 /* GenOutput.c in Sources */ = {isa = PBXBuildFile; fileRef = AA0A971311BC44B500D01187 /* GenOutput.c */; };
		AA0A974111BC44B500D01187 /* GenPatch.c in Sources */ = {isa = PBXBuildFile; fileRef = AA0A971411BC44B500D01187 /* GenPatch.c */; };
		AA0A974211BC44B500D01187 /* GenReverb.c in Sources */ = {isa = PBXBuildFile; fileRef = AA0A971611BC44B500D01187 /* GenReverb.c */; };
		AA0A974311BC44B500D01187 /* GenReverbNew.c in Sources */ = {isa = PBXBuildFile; fileRef = AA0A971711BC44B500D01187 /* GenReverbNew.c */; };
		AA0A974411BC44B500D01187 /* GenSample.c in Sources */ = {isa = PBXBuildFile; fileRef = AA0A971811BC44B500D01187 /* GenSample.c */; };
		AA0A974511BC44B500D01187 /* GenSeq.c in Sources */ = {isa = PBXBuildFile; fileRef = AA0A971911BC44B500D01187 /* GenSeq.c */; };
		AA0A974611BC44B500D01187 /* GenSeqTools.c in Sources */ = {isa = PBXBuildFile; fileRef = AA0A971A11BC44B500D01187 /* GenSeqTools.c */; };
		AA0A974711BC44B500D01187 /* GenSetup.c in Sources */ = {isa = PBXBuildFile; fileRef = AA0A971C11BC44B500D01187 /* GenSetup.c */; };
		AA0A974811BC44B500D01187 /* GenSong.c in Sources */ = {isa = PBXBuildFile; fileRef = AA0A971E11BC44B500D01187 /* GenSong.c */; };
		AA0A974911BC44B500D01187 /* GenSoundFiles.c in Sources */ = {isa = PBXBuildFile; fileRef = AA0A971F11BC44B500D01187 /* GenSoundFiles.c */; };
		AA0A974A11BC44B500D01187 /* GenSynth.c in Sources */ = {isa = PBXBuildFile; fileRef = AA0A972011BC44B500D01187 /* GenSynth.c */; };
		AA0A974B11BC44B500D01187 /* GenSynthFiltersSimple.c in Sources */ = {isa = PBXBuildFile; fileRef = AA0A972111BC44B500D01187 /* GenSynthFiltersSimple.c */; };
		AA0A974C11BC44B500D01187 /* GenSynthFiltersU3232.c in Sources */ = {isa = PBXBuildFile; fileRef = AA0A972211BC44B500D01187 /* GenSynthFiltersU3232.c */; };
		AA0A974D11BC44B500D01187 /* GenSynthInterp2Simple.c in Sources */ = {isa = PBXBuildFile; fileRef = AA0A972311BC44B500D01187 /* GenSynthInterp2Simple.c */; };
		AA0A974E11BC44B500D01187 /* GenSynthInterp2U3232.c in Sources */ = {isa = PBXBuildFile; fileRef = AA0A972411BC44B500D01187 /* GenSynthInterp2U3232.c */; };
		AA0A974F11BC44B500D01187 /* MiniBAE.c in Sources */ = {isa = PBXBuildFile; fileRef = AA0A972511BC44B500D01187 /* MiniBAE.c */; };
		AA0A975011BC44B500D01187 /* NewNewLZSS.c in Sources */ = {isa = PBXBuildFile; fileRef = AA0A972711BC44B500D01187 /* NewNewLZSS.c */; };
		AA0A975111BC44B500D01187 /* SampleTools.c in Sources */ = {isa = PBXBuildFile; fileRef = AA0A972811BC44B500D01187 /* SampleTools.c */; };
		AA0A975211BC44B500D01187 /* X_API.c in Sources */ = {isa = PBXBuildFile; fileRef = AA0A972911BC44B500D01187 /* X_API.c */; };
		AA0A975311BC44B500D01187 /* X_Decompress.c in Sources */ = {isa = PBXBuildFile; fileRef = AA0A972C11BC44B500D01187 /* X_Decompress.c */; };
		AA0A975411BC44B500D01187 /* X_IMA.c in Sources */ = {isa = PBXBuildFile; fileRef = AA0A972E11BC44B500D01187 /* X_IMA.c */; };
		AA0A975511BC44B500D01187 /* BAE_API_MacOSX.c in Sources */ = {isa = PBXBuildFile; fileRef = AA0A973311BC44B500D01187 /* BAE_API_MacOSX.c */; };
		AA83957511A9F4BF00609D90 /* CoreFoundation.framework in Frameworks */ = {isa = PBXBuildFile; fileRef = AA83957411A9F4BF00609D90 /* CoreFoundation.framework */; };
		AA83957A11A9F4D300609D90 /* CoreAudio.framework in Frameworks */ = {isa = PBXBuildFile; fileRef = AA83957911A9F4D300609D90 /* CoreAudio.framework */; };
		AA83958211A9F52100609D90 /* AudioToolbox.framework in Frameworks */ = {isa = PBXBuildFile; fileRef = AA83958111A9F52100609D90 /* AudioToolbox.framework */; };
		AADB00FE11853718002DC493 /* playbae.c in Sources */ = {isa = PBXBuildFile; fileRef = AADB00FD11853718002DC493 /* playbae.c */; };
/* End PBXBuildFile section */

/* Begin PBXCopyFilesBuildPhase section */
		8DD76FAF0486AB0100D96B5E /* CopyFiles */ = {
			isa = PBXCopyFilesBuildPhase;
			buildActionMask = 8;
			dstPath = /usr/share/man/man1/;
			dstSubfolderSpec = 0;
			files = (
			);
			runOnlyForDeploymentPostprocessing = 1;
		};
/* End PBXCopyFilesBuildPhase section */

/* Begin PBXFileReference section */
		8DD76FB20486AB0100D96B5E /* playbae */ = {isa = PBXFileReference; explicitFileType = "compiled.mach-o.executable"; includeInIndex = 0; path = playbae; sourceTree = BUILT_PRODUCTS_DIR; };
		AA0A970611BC44B500D01187 /* DriverTools.c */ = {isa = PBXFileReference; fileEncoding = 4; lastKnownFileType = sourcecode.c.c; path = DriverTools.c; sourceTree = "<group>"; };
		AA0A970711BC44B500D01187 /* g711.c */ = {isa = PBXFileReference; fileEncoding = 4; lastKnownFileType = sourcecode.c.c; path = g711.c; sourceTree = "<group>"; };
		AA0A970811BC44B500D01187 /* g721.c */ = {isa = PBXFileReference; fileEncoding = 4; lastKnownFileType = sourcecode.c.c; path = g721.c; sourceTree = "<group>"; };
		AA0A970911BC44B500D01187 /* g723_24.c */ = {isa = PBXFileReference; fileEncoding = 4; lastKnownFileType = sourcecode.c.c; path = g723_24.c; sourceTree = "<group>"; };
		AA0A970A11BC44B500D01187 /* g723_40.c */ = {isa = PBXFileReference; fileEncoding = 4; lastKnownFileType = sourcecode.c.c; path = g723_40.c; sourceTree = "<group>"; };
		AA0A970B11BC44B500D01187 /* g72x.c */ = {isa = PBXFileReference; fileEncoding = 4; lastKnownFileType = sourcecode.c.c; path = g72x.c; sourceTree = "<group>"; };
		AA0A970C11BC44B500D01187 /* g72x.h */ = {isa = PBXFileReference; fileEncoding = 4; lastKnownFileType = sourcecode.c.h; path = g72x.h; sourceTree = "<group>"; };
		AA0A970D11BC44B500D01187 /* GenAudioStreams.c */ = {isa = PBXFileReference; fileEncoding = 4; lastKnownFileType = sourcecode.c.c; path = GenAudioStreams.c; sourceTree = "<group>"; };
		AA0A970E11BC44B500D01187 /* GenCache.c */ = {isa = PBXFileReference; fileEncoding = 4; lastKnownFileType = sourcecode.c.c; path = GenCache.c; sourceTree = "<group>"; };
		AA0A970F11BC44B500D01187 /* GenCache.h */ = {isa = PBXFileReference; fileEncoding = 4; lastKnownFileType = sourcecode.c.h; path = GenCache.h; sourceTree = "<group>"; };
		AA0A971011BC44B500D01187 /* GenChorus.c */ = {isa = PBXFileReference; fileEncoding = 4; lastKnownFileType = sourcecode.c.c; path = GenChorus.c; sourceTree = "<group>"; };
		AA0A971111BC44B500D01187 /* GenFiltersReverbU3232.c */ = {isa = PBXFileReference; fileEncoding = 4; lastKnownFileType = sourcecode.c.c; path = GenFiltersReverbU3232.c; sourceTree = "<group>"; };
		AA0A971211BC44B500D01187 /* GenInterp2ReverbU3232.c */ = {isa = PBXFileReference; fileEncoding = 4; lastKnownFileType = sourcecode.c.c; path = GenInterp2ReverbU3232.c; sourceTree = "<group>"; };
		AA0A971311BC44B500D01187 /* GenOutput.c */ = {isa = PBXFileReference; fileEncoding = 4; lastKnownFileType = sourcecode.c.c; path = GenOutput.c; sourceTree = "<group>"; };
		AA0A971411BC44B500D01187 /* GenPatch.c */ = {isa = PBXFileReference; fileEncoding = 4; lastKnownFileType = sourcecode.c.c; path = GenPatch.c; sourceTree = "<group>"; };
		AA0A971511BC44B500D01187 /* GenPriv.h */ = {isa = PBXFileReference; fileEncoding = 4; lastKnownFileType = sourcecode.c.h; path = GenPriv.h; sourceTree = "<group>"; };
		AA0A971611BC44B500D01187 /* GenReverb.c */ = {isa = PBXFileReference; fileEncoding = 4; lastKnownFileType = sourcecode.c.c; path = GenReverb.c; sourceTree = "<group>"; };
		AA0A971711BC44B500D01187 /* GenReverbNew.c */ = {isa = PBXFileReference; fileEncoding = 4; lastKnownFileType = sourcecode.c.c; path = GenReverbNew.c; sourceTree = "<group>"; };
		AA0A971811BC44B500D01187 /* GenSample.c */ = {isa = PBXFileReference; fileEncoding = 4; lastKnownFileType = sourcecode.c.c; path = GenSample.c; sourceTree = "<group>"; };
		AA0A971911BC44B500D01187 /* GenSeq.c */ = {isa = PBXFileReference; fileEncoding = 4; lastKnownFileType = sourcecode.c.c; path = GenSeq.c; sourceTree = "<group>"; };
		AA0A971A11BC44B500D01187 /* GenSeqTools.c */ = {isa = PBXFileReference; fileEncoding = 4; lastKnownFileType = sourcecode.c.c; path = GenSeqTools.c; sourceTree = "<group>"; };
		AA0A971B11BC44B500D01187 /* GenSeqTools.h */ = {isa = PBXFileReference; fileEncoding = 4; lastKnownFileType = sourcecode.c.h; path = GenSeqTools.h; sourceTree = "<group>"; };
		AA0A971C11BC44B500D01187 /* GenSetup.c */ = {isa = PBXFileReference; fileEncoding = 4; lastKnownFileType = sourcecode.c.c; path = GenSetup.c; sourceTree = "<group>"; };
		AA0A971D11BC44B500D01187 /* GenSnd.h */ = {isa = PBXFileReference; fileEncoding = 4; lastKnownFileType = sourcecode.c.h; path = GenSnd.h; sourceTree = "<group>"; };
		AA0A971E11BC44B500D01187 /* GenSong.c */ = {isa = PBXFileReference; fileEncoding = 4; lastKnownFileType = sourcecode.c.c; path = GenSong.c; sourceTree = "<group>"; };
		AA0A971F11BC44B500D01187 /* GenSoundFiles.c */ = {isa = PBXFileReference; fileEncoding = 4; lastKnownFileType = sourcecode.c.c; path = GenSoundFiles.c; sourceTree = "<group>"; };
		AA0A972011BC44B500D01187 /* GenSynth.c */ = {isa = PBXFileReference; fileEncoding = 4; lastKnownFileType = sourcecode.c.c; path = GenSynth.c; sourceTree = "<group>"; };
		AA0A972111BC44B500D01187 /* GenSynthFiltersSimple.c */ = {isa = PBXFileReference; fileEncoding = 4; lastKnownFileType = sourcecode.c.c; path = GenSynthFiltersSimple.c; sourceTree = "<group>"; };
		AA0A972211BC44B500D01187 /* GenSynthFiltersU3232.c */ = {isa = PBXFileReference; fileEncoding = 4; lastKnownFileType = sourcecode.c.c; path = GenSynthFiltersU3232.c; sourceTree = "<group>"; };
		AA0A972311BC44B500D01187 /* GenSynthInterp2Simple.c */ = {isa = PBXFileReference; fileEncoding = 4; lastKnownFileType = sourcecode.c.c; path = GenSynthInterp2Simple.c; sourceTree = "<group>"; };
		AA0A972411BC44B500D01187 /* GenSynthInterp2U3232.c */ = {isa = PBXFileReference; fileEncoding = 4; lastKnownFileType = sourcecode.c.c; path = GenSynthInterp2U3232.c; sourceTree = "<group>"; };
		AA0A972511BC44B500D01187 /* MiniBAE.c */ = {isa = PBXFileReference; fileEncoding = 4; lastKnownFileType = sourcecode.c.c; path = MiniBAE.c; sourceTree = "<group>"; };
		AA0A972611BC44B500D01187 /* MiniBAE.h */ = {isa = PBXFileReference; fileEncoding = 4; lastKnownFileType = sourcecode.c.h; path = MiniBAE.h; sourceTree = "<group>"; };
		AA0A972711BC44B500D01187 /* NewNewLZSS.c */ = {isa = PBXFileReference; fileEncoding = 4; lastKnownFileType = sourcecode.c.c; path = NewNewLZSS.c; sourceTree = "<group>"; };
		AA0A972811BC44B500D01187 /* SampleTools.c */ = {isa = PBXFileReference; fileEncoding = 4; lastKnownFileType = sourcecode.c.c; path = SampleTools.c; sourceTree = "<group>"; };
		AA0A972911BC44B500D01187 /* X_API.c */ = {isa = PBXFileReference; fileEncoding = 4; lastKnownFileType = sourcecode.c.c; path = X_API.c; sourceTree = "<group>"; };
		AA0A972A11BC44B500D01187 /* X_API.h */ = {isa = PBXFileReference; fileEncoding = 4; lastKnownFileType = sourcecode.c.h; path = X_API.h; sourceTree = "<group>"; };
		AA0A972B11BC44B500D01187 /* X_Assert.h */ = {isa = PBXFileReference; fileEncoding = 4; lastKnownFileType = sourcecode.c.h; path = X_Assert.h; sourceTree = "<group>"; };
		AA0A972C11BC44B500D01187 /* X_Decompress.c */ = {isa = PBXFileReference; fileEncoding = 4; lastKnownFileType = sourcecode.c.c; path = X_Decompress.c; sourceTree = "<group>"; };
		AA0A972D11BC44B500D01187 /* X_Formats.h */ = {isa = PBXFileReference; fileEncoding = 4; lastKnownFileType = sourcecode.c.h; path = X_Formats.h; sourceTree = "<group>"; };
		AA0A972E11BC44B500D01187 /* X_IMA.c */ = {isa = PBXFileReference; fileEncoding = 4; lastKnownFileType = sourcecode.c.c; path = X_IMA.c; sourceTree = "<group>"; };
		AA0A972F11BC44B500D01187 /* X_PackStructures.h */ = {isa = PBXFileReference; fileEncoding = 4; lastKnownFileType = sourcecode.c.h; path = X_PackStructures.h; sourceTree = "<group>"; };
		AA0A973011BC44B500D01187 /* X_UnpackStructures.h */ = {isa = PBXFileReference; fileEncoding = 4; lastKnownFileType = sourcecode.c.h; path = X_UnpackStructures.h; sourceTree = "<group>"; };
		AA0A973211BC44B500D01187 /* BAE_API.h */ = {isa = PBXFileReference; fileEncoding = 4; lastKnownFileType = sourcecode.c.h; path = BAE_API.h; sourceTree = "<group>"; };
		AA0A973311BC44B500D01187 /* BAE_API_MacOSX.c */ = {isa = PBXFileReference; fileEncoding = 4; lastKnownFileType = sourcecode.c.c; path = BAE_API_MacOSX.c; sourceTree = "<group>"; };
		AA0A973411BC44B500D01187 /* BAEBuildOptions_MacOSX.h */ = {isa = PBXFileReference; fileEncoding = 4; lastKnownFileType = sourcecode.c.h; path = BAEBuildOptions_MacOSX.h; sourceTree = "<group>"; };
		AA83957411A9F4BF00609D90 /* CoreFoundation.framework */ = {isa = PBXFileReference; lastKnownFileType = wrapper.framework; name = CoreFoundation.framework; path = System/Library/Frameworks/CoreFoundation.framework; sourceTree = SDKROOT; };
		AA83957911A9F4D300609D90 /* CoreAudio.framework */ = {isa = PBXFileReference; lastKnownFileType = wrapper.framework; name = CoreAudio.framework; path = System/Library/Frameworks/CoreAudio.framework; sourceTree = SDKROOT; };
		AA83958111A9F52100609D90 /* AudioToolbox.framework */ = {isa = PBXFileReference; lastKnownFileType = wrapper.framework; name = AudioToolbox.framework; path = System/Library/Frameworks/AudioToolbox.framework; sourceTree = SDKROOT; };
		AADB00FD11853718002DC493 /* playbae.c */ = {isa = PBXFileReference; fileEncoding = 4; lastKnownFileType = sourcecode.c.c; path = playbae.c; sourceTree = "<group>"; };
/* End PBXFileReference section */

/* Begin PBXFrameworksBuildPhase section */
		8DD76FAD0486AB0100D96B5E /* Frameworks */ = {
			isa = PBXFrameworksBuildPhase;
			buildActionMask = 2147483647;
			files = (
				AA83957511A9F4BF00609D90 /* CoreFoundation.framework in Frameworks */,
				AA83957A11A9F4D300609D90 /* CoreAudio.framework in Frameworks */,
				AA83958211A9F52100609D90 /* AudioToolbox.framework in Frameworks */,
			);
			runOnlyForDeploymentPostprocessing = 0;
		};
/* End PBXFrameworksBuildPhase section */

/* Begin PBXGroup section */
		08FB7794FE84155DC02AAC07 /* playbae */ = {
			isa = PBXGroup;
			children = (
				08FB7795FE84155DC02AAC07 /* Source */,
				1AB674ADFE9D54B511CA2CBB /* Products */,
				AA83957411A9F4BF00609D90 /* CoreFoundation.framework */,
				AA83957911A9F4D300609D90 /* CoreAudio.framework */,
				AA83958111A9F52100609D90 /* AudioToolbox.framework */,
			);
			name = playbae;
			sourceTree = "<group>";
		};
		08FB7795FE84155DC02AAC07 /* Source */ = {
			isa = PBXGroup;
			children = (
				AA0A970411BC44B500D01187 /* BAE_Source */,
				AADB00FD11853718002DC493 /* playbae.c */,
			);
			name = Source;
			sourceTree = "<group>";
		};
		1AB674ADFE9D54B511CA2CBB /* Products */ = {
			isa = PBXGroup;
			children = (
				8DD76FB20486AB0100D96B5E /* playbae */,
			);
			name = Products;
			sourceTree = "<group>";
		};
		AA0A970411BC44B500D01187 /* BAE_Source */ = {
			isa = PBXGroup;
			children = (
				AA0A970511BC44B500D01187 /* Common */,
				AA0A973111BC44B500D01187 /* Platform */,
			);
			name = BAE_Source;
			path = ../../BAE_Source;
			sourceTree = SOURCE_ROOT;
		};
		AA0A970511BC44B500D01187 /* Common */ = {
			isa = PBXGroup;
			children = (
				AA0A970611BC44B500D01187 /* DriverTools.c */,
				AA0A970711BC44B500D01187 /* g711.c */,
				AA0A970811BC44B500D01187 /* g721.c */,
				AA0A970911BC44B500D01187 /* g723_24.c */,
				AA0A970A11BC44B500D01187 /* g723_40.c */,
				AA0A970B11BC44B500D01187 /* g72x.c */,
				AA0A970C11BC44B500D01187 /* g72x.h */,
				AA0A970D11BC44B500D01187 /* GenAudioStreams.c */,
				AA0A970E11BC44B500D01187 /* GenCache.c */,
				AA0A970F11BC44B500D01187 /* GenCache.h */,
				AA0A971011BC44B500D01187 /* GenChorus.c */,
				AA0A971111BC44B500D01187 /* GenFiltersReverbU3232.c */,
				AA0A971211BC44B500D01187 /* GenInterp2ReverbU3232.c */,
				AA0A971311BC44B500D01187 /* GenOutput.c */,
				AA0A971411BC44B500D01187 /* GenPatch.c */,
				AA0A971511BC44B500D01187 /* GenPriv.h */,
				AA0A971611BC44B500D01187 /* GenReverb.c */,
				AA0A971711BC44B500D01187 /* GenReverbNew.c */,
				AA0A971811BC44B500D01187 /* GenSample.c */,
				AA0A971911BC44B500D01187 /* GenSeq.c */,
				AA0A971A11BC44B500D01187 /* GenSeqTools.c */,
				AA0A971B11BC44B500D01187 /* GenSeqTools.h */,
				AA0A971C11BC44B500D01187 /* GenSetup.c */,
				AA0A971D11BC44B500D01187 /* GenSnd.h */,
				AA0A971E11BC44B500D01187 /* GenSong.c */,
				AA0A971F11BC44B500D01187 /* GenSoundFiles.c */,
				AA0A972011BC44B500D01187 /* GenSynth.c */,
				AA0A972111BC44B500D01187 /* GenSynthFiltersSimple.c */,
				AA0A972211BC44B500D01187 /* GenSynthFiltersU3232.c */,
				AA0A972311BC44B500D01187 /* GenSynthInterp2Simple.c */,
				AA0A972411BC44B500D01187 /* GenSynthInterp2U3232.c */,
				AA0A972511BC44B500D01187 /* MiniBAE.c */,
				AA0A972611BC44B500D01187 /* MiniBAE.h */,
				AA0A972711BC44B500D01187 /* NewNewLZSS.c */,
				AA0A972811BC44B500D01187 /* SampleTools.c */,
				AA0A972911BC44B500D01187 /* X_API.c */,
				AA0A972A11BC44B500D01187 /* X_API.h */,
				AA0A972B11BC44B500D01187 /* X_Assert.h */,
				AA0A972C11BC44B500D01187 /* X_Decompress.c */,
				AA0A972D11BC44B500D01187 /* X_Formats.h */,
				AA0A972E11BC44B500D01187 /* X_IMA.c */,
				AA0A972F11BC44B500D01187 /* X_PackStructures.h */,
				AA0A973011BC44B500D01187 /* X_UnpackStructures.h */,
			);
			path = Common;
			sourceTree = "<group>";
		};
		AA0A973111BC44B500D01187 /* Platform */ = {
			isa = PBXGroup;
			children = (
				AA0A973211BC44B500D01187 /* BAE_API.h */,
				AA0A973311BC44B500D01187 /* BAE_API_MacOSX.c */,
				AA0A973411BC44B500D01187 /* BAEBuildOptions_MacOSX.h */,
			);
			path = Platform;
			sourceTree = "<group>";
		};
/* End PBXGroup section */

/* Begin PBXNativeTarget section */
		8DD76FA90486AB0100D96B5E /* playbae */ = {
			isa = PBXNativeTarget;
			buildConfigurationList = 1DEB928508733DD80010E9CD /* Build configuration list for PBXNativeTarget "playbae" */;
			buildPhases = (
				8DD76FAB0486AB0100D96B5E /* Sources */,
				8DD76FAD0486AB0100D96B5E /* Frameworks */,
				8DD76FAF0486AB0100D96B5E /* CopyFiles */,
			);
			buildRules = (
			);
			dependencies = (
			);
			name = playbae;
			productInstallPath = "$(HOME)/bin";
			productName = playbae;
			productReference = 8DD76FB20486AB0100D96B5E /* playbae */;
			productType = "com.apple.product-type.tool";
		};
/* End PBXNativeTarget section */

/* Begin PBXProject section */
		08FB7793FE84155DC02AAC07 /* Project object */ = {
			isa = PBXProject;
			buildConfigurationList = 1DEB928908733DD80010E9CD /* Build configuration list for PBXProject "playbae" */;
			compatibilityVersion = "Xcode 3.1";
			developmentRegion = English;
			hasScannedForEncodings = 1;
			knownRegions = (
				English,
				Japanese,
				French,
				German,
			);
			mainGroup = 08FB7794FE84155DC02AAC07 /* playbae */;
			projectDirPath = "";
			projectRoot = "";
			targets = (
				8DD76FA90486AB0100D96B5E /* playbae */,
			);
		};
/* End PBXProject section */

/* Begin PBXSourcesBuildPhase section */
		8DD76FAB0486AB0100D96B5E /* Sources */ = {
			isa = PBXSourcesBuildPhase;
			buildActionMask = 2147483647;
			files = (
				AADB00FE11853718002DC493 /* playbae.c in Sources */,
				AA0A973511BC44B500D01187 /* DriverTools.c in Sources */,
				AA0A973611BC44B500D01187 /* g711.c in Sources */,
				AA0A973711BC44B500D01187 /* g721.c in Sources */,
				AA0A973811BC44B500D01187 /* g723_24.c in Sources */,
				AA0A973911BC44B500D01187 /* g723_40.c in Sources */,
				AA0A973A11BC44B500D01187 /* g72x.c in Sources */,
				AA0A973B11BC44B500D01187 /* GenAudioStreams.c in Sources */,
				AA0A973C11BC44B500D01187 /* GenCache.c in Sources */,
				AA0A973D11BC44B500D01187 /* GenChorus.c in Sources */,
				AA0A973E11BC44B500D01187 /* GenFiltersReverbU3232.c in Sources */,
				AA0A973F11BC44B500D01187 /* GenInterp2ReverbU3232.c in Sources */,
				AA0A974011BC44B500D01187 /* GenOutput.c in Sources */,
				AA0A974111BC44B500D01187 /* GenPatch.c in Sources */,
				AA0A974211BC44B500D01187 /* GenReverb.c in Sources */,
				AA0A974311BC44B500D01187 /* GenReverbNew.c in Sources */,
				AA0A974411BC44B500D01187 /* GenSample.c in Sources */,
				AA0A974511BC44B500D01187 /* GenSeq.c in Sources */,
				AA0A974611BC44B500D01187 /* GenSeqTools.c in Sources */,
				AA0A974711BC44B500D01187 /* GenSetup.c in Sources */,
				AA0A974811BC44B500D01187 /* GenSong.c in Sources */,
				AA0A974911BC44B500D01187 /* GenSoundFiles.c in Sources */,
				AA0A974A11BC44B500D01187 /* GenSynth.c in Sources */,
				AA0A974B11BC44B500D01187 /* GenSynthFiltersSimple.c in Sources */,
				AA0A974C11BC44B500D01187 /* GenSynthFiltersU3232.c in Sources */,
				AA0A974D11BC44B500D01187 /* GenSynthInterp2Simple.c in Sources */,
				AA0A974E11BC44B500D01187 /* GenSynthInterp2U3232.c in Sources */,
				AA0A974F11BC44B500D01187 /* MiniBAE.c in Sources */,
				AA0A975011BC44B500D01187 /* NewNewLZSS.c in Sources */,
				AA0A975111BC44B500D01187 /* SampleTools.c in Sources */,
				AA0A975211BC44B500D01187 /* X_API.c in Sources */,
				AA0A975311BC44B500D01187 /* X_Decompress.c in Sources */,
				AA0A975411BC44B500D01187 /* X_IMA.c in Sources */,
				AA0A975511BC44B500D01187 /* BAE_API_MacOSX.c in Sources */,
			);
			runOnlyForDeploymentPostprocessing = 0;
		};
/* End PBXSourcesBuildPhase section */

/* Begin XCBuildConfiguration section */
		1DEB928608733DD80010E9CD /* Debug */ = {
			isa = XCBuildConfiguration;
			buildSettings = {
				ALWAYS_SEARCH_USER_PATHS = NO;
				ARCHS = "$(ARCHS_STANDARD_32_BIT)";
				COPY_PHASE_STRIP = NO;
				DEBUG_INFORMATION_FORMAT = "dwarf-with-dsym";
				GCC_DYNAMIC_NO_PIC = NO;
				GCC_ENABLE_FIX_AND_CONTINUE = NO;
				GCC_MODEL_TUNING = G5;
				GCC_OPTIMIZATION_LEVEL = 0;
				GCC_PREPROCESSOR_DEFINITIONS = (
					"_DEBUG=1",
					"X_PLATFORM=X_MACINTOSH",
				);
				INSTALL_PATH = /usr/local/bin;
				PRODUCT_NAME = playbae;
				SDKROOT = macosx;
				VALID_ARCHS = i386;
			};
			name = Debug;
		};
		1DEB928708733DD80010E9CD /* Release */ = {
			isa = XCBuildConfiguration;
			buildSettings = {
				ALWAYS_SEARCH_USER_PATHS = NO;
				ARCHS = "$(ARCHS_STANDARD_32_BIT)";
				DEBUG_INFORMATION_FORMAT = "dwarf-with-dsym";
				GCC_ENABLE_FIX_AND_CONTINUE = NO;
				GCC_MODEL_TUNING = G5;
				GCC_PREPROCESSOR_DEFINITIONS = (
					"_DEBUG=1",
					"X_PLATFORM=X_MACINTOSH",
				);
				INSTALL_PATH = /usr/local/bin;
				ONLY_ACTIVE_ARCH = YES;
				PRODUCT_NAME = playbae;
				SDKROOT = macosx;
				VALID_ARCHS = i386;
			};
			name = Release;
		};
		1DEB928A08733DD80010E9CD /* Debug */ = {
			isa = XCBuildConfiguration;
			buildSettings = {
				ARCHS = "$(ARCHS_STANDARD_32_64_BIT)";
				GCC_C_LANGUAGE_STANDARD = gnu99;
				GCC_OPTIMIZATION_LEVEL = 0;
				GCC_WARN_ABOUT_RETURN_TYPE = YES;
				GCC_WARN_UNUSED_VARIABLE = YES;
				ONLY_ACTIVE_ARCH = YES;
				PREBINDING = NO;
				SDKROOT = macosx10.6;
			};
			name = Debug;
		};
		1DEB928B08733DD80010E9CD /* Release */ = {
			isa = XCBuildConfiguration;
			buildSettings = {
				ARCHS = "$(ARCHS_STANDARD_32_64_BIT)";
				GCC_C_LANGUAGE_STANDARD = gnu99;
				GCC_WARN_ABOUT_RETURN_TYPE = YES;
				GCC_WARN_UNUSED_VARIABLE = YES;
				PREBINDING = NO;
				SDKROOT = macosx10.6;
			};
			name = Release;
		};
/* End XCBuildConfiguration section */

/* Begin XCConfigurationList section */
		1DEB928508733DD80010E9CD /* Build configuration list for PBXNativeTarget "playbae" */ = {
			isa = XCConfigurationList;
			buildConfigurations = (
				1DEB928608733DD80010E9CD /* Debug */,
				1DEB928708733DD80010E9CD /* Release */,
			);
			defaultConfigurationIsVisible = 0;
			defaultConfigurationName = Release;
		};
		1DEB928908733DD80010E9CD /* Build configuration list for PBXProject "playbae" */ = {
			isa = XCConfigurationList;
			buildConfigurations = (
				1DEB928A08733DD80010E9CD /* Debug */,
				1DEB928B08733DD80010E9CD /* Release */,
			);
			defaultConfigurationIsVisible = 0;
			defaultConfigurationName = Release;
		};
/* End XCConfigurationList section */
	};
	rootObject = 08FB7793FE84155DC02AAC07 /* Project object */;
}
